// !$*UTF8*$!
{
	archiveVersion = 1;
	classes = {
	};
	objectVersion = 56;
	objects = {

/* Begin PBXBuildFile section */
		914FEFA32BF292FE003D858E /* Dollar.swift in Sources */ = {isa = PBXBuildFile; fileRef = 914FEFA22BF292FE003D858E /* Dollar.swift */; };
		914FEFA52BF2930E003D858E /* Plan.swift in Sources */ = {isa = PBXBuildFile; fileRef = 914FEFA42BF2930E003D858E /* Plan.swift */; };
		914FEFA72BF29317003D858E /* Stream.swift in Sources */ = {isa = PBXBuildFile; fileRef = 914FEFA62BF29317003D858E /* Stream.swift */; };
		914FEFAA2BF29399003D858E /* APlan.swift in Sources */ = {isa = PBXBuildFile; fileRef = 914FEFA82BF29399003D858E /* APlan.swift */; };
		914FEFAB2BF29399003D858E /* AStream.swift in Sources */ = {isa = PBXBuildFile; fileRef = 914FEFA92BF29399003D858E /* AStream.swift */; };
		914FEFAD2BF29413003D858E /* fiume.xctestplan in Resources */ = {isa = PBXBuildFile; fileRef = 914FEFAC2BF29413003D858E /* fiume.xctestplan */; };
		914FEFAF2BF2941F003D858E /* _todo.txt in Resources */ = {isa = PBXBuildFile; fileRef = 914FEFAE2BF2941F003D858E /* _todo.txt */; };
		914FEFB12BF29427003D858E /* fiume.key in Resources */ = {isa = PBXBuildFile; fileRef = 914FEFB02BF29427003D858E /* fiume.key */; };
		91DA64FD2BF291F6004ADB9B /* fiumeApp.swift in Sources */ = {isa = PBXBuildFile; fileRef = 91DA64FC2BF291F6004ADB9B /* fiumeApp.swift */; };
		91DA64FF2BF291F6004ADB9B /* ContentView.swift in Sources */ = {isa = PBXBuildFile; fileRef = 91DA64FE2BF291F6004ADB9B /* ContentView.swift */; };
		91DA65012BF291F7004ADB9B /* Assets.xcassets in Resources */ = {isa = PBXBuildFile; fileRef = 91DA65002BF291F7004ADB9B /* Assets.xcassets */; };
		91DA65042BF291F7004ADB9B /* Preview Assets.xcassets in Resources */ = {isa = PBXBuildFile; fileRef = 91DA65032BF291F7004ADB9B /* Preview Assets.xcassets */; };
/* End PBXBuildFile section */

/* Begin PBXContainerItemProxy section */
		91DA650A2BF291F8004ADB9B /* PBXContainerItemProxy */ = {
			isa = PBXContainerItemProxy;
			containerPortal = 91DA64F12BF291F6004ADB9B /* Project object */;
			proxyType = 1;
			remoteGlobalIDString = 91DA64F82BF291F6004ADB9B;
			remoteInfo = fiume;
		};
/* End PBXContainerItemProxy section */

/* Begin PBXFileReference section */
		914FEFA22BF292FE003D858E /* Dollar.swift */ = {isa = PBXFileReference; fileEncoding = 4; lastKnownFileType = sourcecode.swift; path = Dollar.swift; sourceTree = "<group>"; };
		914FEFA42BF2930E003D858E /* Plan.swift */ = {isa = PBXFileReference; fileEncoding = 4; lastKnownFileType = sourcecode.swift; path = Plan.swift; sourceTree = "<group>"; };
		914FEFA62BF29317003D858E /* Stream.swift */ = {isa = PBXFileReference; fileEncoding = 4; lastKnownFileType = sourcecode.swift; path = Stream.swift; sourceTree = "<group>"; };
		914FEFA82BF29399003D858E /* APlan.swift */ = {isa = PBXFileReference; fileEncoding = 4; lastKnownFileType = sourcecode.swift; path = APlan.swift; sourceTree = "<group>"; };
		914FEFA92BF29399003D858E /* AStream.swift */ = {isa = PBXFileReference; fileEncoding = 4; lastKnownFileType = sourcecode.swift; path = AStream.swift; sourceTree = "<group>"; };
		914FEFAC2BF29413003D858E /* fiume.xctestplan */ = {isa = PBXFileReference; fileEncoding = 4; lastKnownFileType = text; path = fiume.xctestplan; sourceTree = "<group>"; };
		914FEFAE2BF2941F003D858E /* _todo.txt */ = {isa = PBXFileReference; fileEncoding = 4; lastKnownFileType = text; path = _todo.txt; sourceTree = "<group>"; };
		914FEFB02BF29427003D858E /* fiume.key */ = {isa = PBXFileReference; lastKnownFileType = file; path = fiume.key; sourceTree = "<group>"; };
		914FEFB22BF29556003D858E /* fiume.xctestplan */ = {isa = PBXFileReference; lastKnownFileType = text; path = fiume.xctestplan; sourceTree = "<group>"; };
		91DA64F92BF291F6004ADB9B /* fiume.app */ = {isa = PBXFileReference; explicitFileType = wrapper.application; includeInIndex = 0; path = fiume.app; sourceTree = BUILT_PRODUCTS_DIR; };
		91DA64FC2BF291F6004ADB9B /* fiumeApp.swift */ = {isa = PBXFileReference; lastKnownFileType = sourcecode.swift; path = fiumeApp.swift; sourceTree = "<group>"; };
		91DA64FE2BF291F6004ADB9B /* ContentView.swift */ = {isa = PBXFileReference; lastKnownFileType = sourcecode.swift; path = ContentView.swift; sourceTree = "<group>"; };
		91DA65002BF291F7004ADB9B /* Assets.xcassets */ = {isa = PBXFileReference; lastKnownFileType = folder.assetcatalog; path = Assets.xcassets; sourceTree = "<group>"; };
		91DA65032BF291F7004ADB9B /* Preview Assets.xcassets */ = {isa = PBXFileReference; lastKnownFileType = folder.assetcatalog; path = "Preview Assets.xcassets"; sourceTree = "<group>"; };
		91DA65092BF291F8004ADB9B /* fiumeTests.xctest */ = {isa = PBXFileReference; explicitFileType = wrapper.cfbundle; includeInIndex = 0; path = fiumeTests.xctest; sourceTree = BUILT_PRODUCTS_DIR; };
/* End PBXFileReference section */

/* Begin PBXFrameworksBuildPhase section */
		91DA64F62BF291F6004ADB9B /* Frameworks */ = {
			isa = PBXFrameworksBuildPhase;
			buildActionMask = 2147483647;
			files = (
			);
			runOnlyForDeploymentPostprocessing = 0;
		};
		91DA65062BF291F8004ADB9B /* Frameworks */ = {
			isa = PBXFrameworksBuildPhase;
			buildActionMask = 2147483647;
			files = (
			);
			runOnlyForDeploymentPostprocessing = 0;
		};
/* End PBXFrameworksBuildPhase section */

/* Begin PBXGroup section */
		91DA64F02BF291F6004ADB9B = {
			isa = PBXGroup;
			children = (
				914FEFAE2BF2941F003D858E /* _todo.txt */,
				914FEFB02BF29427003D858E /* fiume.key */,
				914FEFB22BF29556003D858E /* fiume.xctestplan */,
				914FEFAC2BF29413003D858E /* fiume.xctestplan */,
				91DA64FB2BF291F6004ADB9B /* fiume */,
				91DA650C2BF291F8004ADB9B /* fiumeTests */,
				91DA64FA2BF291F6004ADB9B /* Products */,
			);
			sourceTree = "<group>";
		};
		91DA64FA2BF291F6004ADB9B /* Products */ = {
			isa = PBXGroup;
			children = (
				91DA64F92BF291F6004ADB9B /* fiume.app */,
				91DA65092BF291F8004ADB9B /* fiumeTests.xctest */,
			);
			name = Products;
			sourceTree = "<group>";
		};
		91DA64FB2BF291F6004ADB9B /* fiume */ = {
			isa = PBXGroup;
			children = (
				914FEFA62BF29317003D858E /* Stream.swift */,
				914FEFA42BF2930E003D858E /* Plan.swift */,
				914FEFA22BF292FE003D858E /* Dollar.swift */,
				91DA64FC2BF291F6004ADB9B /* fiumeApp.swift */,
				91DA64FE2BF291F6004ADB9B /* ContentView.swift */,
				91DA65002BF291F7004ADB9B /* Assets.xcassets */,
				91DA65022BF291F7004ADB9B /* Preview Content */,
			);
			path = fiume;
			sourceTree = "<group>";
		};
		91DA65022BF291F7004ADB9B /* Preview Content */ = {
			isa = PBXGroup;
			children = (
				91DA65032BF291F7004ADB9B /* Preview Assets.xcassets */,
			);
			path = "Preview Content";
			sourceTree = "<group>";
		};
		91DA650C2BF291F8004ADB9B /* fiumeTests */ = {
			isa = PBXGroup;
			children = (
				914FEFA82BF29399003D858E /* APlan.swift */,
				914FEFA92BF29399003D858E /* AStream.swift */,
			);
			path = fiumeTests;
			sourceTree = "<group>";
		};
/* End PBXGroup section */

/* Begin PBXNativeTarget section */
		91DA64F82BF291F6004ADB9B /* fiume */ = {
			isa = PBXNativeTarget;
			buildConfigurationList = 91DA651D2BF291F8004ADB9B /* Build configuration list for PBXNativeTarget "fiume" */;
			buildPhases = (
				91DA64F52BF291F6004ADB9B /* Sources */,
				91DA64F62BF291F6004ADB9B /* Frameworks */,
				91DA64F72BF291F6004ADB9B /* Resources */,
			);
			buildRules = (
			);
			dependencies = (
			);
			name = fiume;
			productName = fiume;
			productReference = 91DA64F92BF291F6004ADB9B /* fiume.app */;
			productType = "com.apple.product-type.application";
		};
		91DA65082BF291F8004ADB9B /* fiumeTests */ = {
			isa = PBXNativeTarget;
			buildConfigurationList = 91DA65202BF291F8004ADB9B /* Build configuration list for PBXNativeTarget "fiumeTests" */;
			buildPhases = (
				91DA65052BF291F8004ADB9B /* Sources */,
				91DA65062BF291F8004ADB9B /* Frameworks */,
				91DA65072BF291F8004ADB9B /* Resources */,
			);
			buildRules = (
			);
			dependencies = (
				91DA650B2BF291F8004ADB9B /* PBXTargetDependency */,
			);
			name = fiumeTests;
			productName = fiumeTests;
			productReference = 91DA65092BF291F8004ADB9B /* fiumeTests.xctest */;
			productType = "com.apple.product-type.bundle.unit-test";
		};
/* End PBXNativeTarget section */

/* Begin PBXProject section */
		91DA64F12BF291F6004ADB9B /* Project object */ = {
			isa = PBXProject;
			attributes = {
				BuildIndependentTargetsInParallel = 1;
				LastSwiftUpdateCheck = 1530;
				LastUpgradeCheck = 1530;
				TargetAttributes = {
					91DA64F82BF291F6004ADB9B = {
						CreatedOnToolsVersion = 15.3;
					};
					91DA65082BF291F8004ADB9B = {
						CreatedOnToolsVersion = 15.3;
						LastSwiftMigration = 1530;
						TestTargetID = 91DA64F82BF291F6004ADB9B;
					};
				};
			};
			buildConfigurationList = 91DA64F42BF291F6004ADB9B /* Build configuration list for PBXProject "fiume" */;
			compatibilityVersion = "Xcode 14.0";
			developmentRegion = en;
			hasScannedForEncodings = 0;
			knownRegions = (
				en,
				Base,
			);
			mainGroup = 91DA64F02BF291F6004ADB9B;
			productRefGroup = 91DA64FA2BF291F6004ADB9B /* Products */;
			projectDirPath = "";
			projectRoot = "";
			targets = (
				91DA64F82BF291F6004ADB9B /* fiume */,
				91DA65082BF291F8004ADB9B /* fiumeTests */,
			);
		};
/* End PBXProject section */

/* Begin PBXResourcesBuildPhase section */
		91DA64F72BF291F6004ADB9B /* Resources */ = {
			isa = PBXResourcesBuildPhase;
			buildActionMask = 2147483647;
			files = (
				91DA65042BF291F7004ADB9B /* Preview Assets.xcassets in Resources */,
				91DA65012BF291F7004ADB9B /* Assets.xcassets in Resources */,
			);
			runOnlyForDeploymentPostprocessing = 0;
		};
		91DA65072BF291F8004ADB9B /* Resources */ = {
			isa = PBXResourcesBuildPhase;
			buildActionMask = 2147483647;
			files = (
				914FEFB12BF29427003D858E /* fiume.key in Resources */,
				914FEFAF2BF2941F003D858E /* _todo.txt in Resources */,
				914FEFAD2BF29413003D858E /* fiume.xctestplan in Resources */,
			);
			runOnlyForDeploymentPostprocessing = 0;
		};
/* End PBXResourcesBuildPhase section */

/* Begin PBXSourcesBuildPhase section */
		91DA64F52BF291F6004ADB9B /* Sources */ = {
			isa = PBXSourcesBuildPhase;
			buildActionMask = 2147483647;
			files = (
				914FEFA52BF2930E003D858E /* Plan.swift in Sources */,
				91DA64FF2BF291F6004ADB9B /* ContentView.swift in Sources */,
				914FEFA32BF292FE003D858E /* Dollar.swift in Sources */,
				91DA64FD2BF291F6004ADB9B /* fiumeApp.swift in Sources */,
				914FEFA72BF29317003D858E /* Stream.swift in Sources */,
			);
			runOnlyForDeploymentPostprocessing = 0;
		};
		91DA65052BF291F8004ADB9B /* Sources */ = {
			isa = PBXSourcesBuildPhase;
			buildActionMask = 2147483647;
			files = (
				914FEFAA2BF29399003D858E /* APlan.swift in Sources */,
				914FEFAB2BF29399003D858E /* AStream.swift in Sources */,
			);
			runOnlyForDeploymentPostprocessing = 0;
		};
/* End PBXSourcesBuildPhase section */

/* Begin PBXTargetDependency section */
		91DA650B2BF291F8004ADB9B /* PBXTargetDependency */ = {
			isa = PBXTargetDependency;
			target = 91DA64F82BF291F6004ADB9B /* fiume */;
			targetProxy = 91DA650A2BF291F8004ADB9B /* PBXContainerItemProxy */;
		};
/* End PBXTargetDependency section */

/* Begin XCBuildConfiguration section */
		91DA651B2BF291F8004ADB9B /* Debug */ = {
			isa = XCBuildConfiguration;
			buildSettings = {
				ALWAYS_SEARCH_USER_PATHS = NO;
				ASSETCATALOG_COMPILER_GENERATE_SWIFT_ASSET_SYMBOL_EXTENSIONS = YES;
				CLANG_ANALYZER_NONNULL = YES;
				CLANG_ANALYZER_NUMBER_OBJECT_CONVERSION = YES_AGGRESSIVE;
				CLANG_CXX_LANGUAGE_STANDARD = "gnu++20";
				CLANG_ENABLE_MODULES = YES;
				CLANG_ENABLE_OBJC_ARC = YES;
				CLANG_ENABLE_OBJC_WEAK = YES;
				CLANG_WARN_BLOCK_CAPTURE_AUTORELEASING = YES;
				CLANG_WARN_BOOL_CONVERSION = YES;
				CLANG_WARN_COMMA = YES;
				CLANG_WARN_CONSTANT_CONVERSION = YES;
				CLANG_WARN_DEPRECATED_OBJC_IMPLEMENTATIONS = YES;
				CLANG_WARN_DIRECT_OBJC_ISA_USAGE = YES_ERROR;
				CLANG_WARN_DOCUMENTATION_COMMENTS = YES;
				CLANG_WARN_EMPTY_BODY = YES;
				CLANG_WARN_ENUM_CONVERSION = YES;
				CLANG_WARN_INFINITE_RECURSION = YES;
				CLANG_WARN_INT_CONVERSION = YES;
				CLANG_WARN_NON_LITERAL_NULL_CONVERSION = YES;
				CLANG_WARN_OBJC_IMPLICIT_RETAIN_SELF = YES;
				CLANG_WARN_OBJC_LITERAL_CONVERSION = YES;
				CLANG_WARN_OBJC_ROOT_CLASS = YES_ERROR;
				CLANG_WARN_QUOTED_INCLUDE_IN_FRAMEWORK_HEADER = YES;
				CLANG_WARN_RANGE_LOOP_ANALYSIS = YES;
				CLANG_WARN_STRICT_PROTOTYPES = YES;
				CLANG_WARN_SUSPICIOUS_MOVE = YES;
				CLANG_WARN_UNGUARDED_AVAILABILITY = YES_AGGRESSIVE;
				CLANG_WARN_UNREACHABLE_CODE = YES;
				CLANG_WARN__DUPLICATE_METHOD_MATCH = YES;
				COPY_PHASE_STRIP = NO;
				DEBUG_INFORMATION_FORMAT = dwarf;
				ENABLE_STRICT_OBJC_MSGSEND = YES;
				ENABLE_TESTABILITY = YES;
				ENABLE_USER_SCRIPT_SANDBOXING = YES;
				GCC_C_LANGUAGE_STANDARD = gnu17;
				GCC_DYNAMIC_NO_PIC = NO;
				GCC_NO_COMMON_BLOCKS = YES;
				GCC_OPTIMIZATION_LEVEL = 0;
				GCC_PREPROCESSOR_DEFINITIONS = (
					"DEBUG=1",
					"$(inherited)",
				);
				GCC_WARN_64_TO_32_BIT_CONVERSION = YES;
				GCC_WARN_ABOUT_RETURN_TYPE = YES_ERROR;
				GCC_WARN_UNDECLARED_SELECTOR = YES;
				GCC_WARN_UNINITIALIZED_AUTOS = YES_AGGRESSIVE;
				GCC_WARN_UNUSED_FUNCTION = YES;
				GCC_WARN_UNUSED_VARIABLE = YES;
				IPHONEOS_DEPLOYMENT_TARGET = 17.4;
				LOCALIZATION_PREFERS_STRING_CATALOGS = YES;
				MTL_ENABLE_DEBUG_INFO = INCLUDE_SOURCE;
				MTL_FAST_MATH = YES;
				ONLY_ACTIVE_ARCH = YES;
				SDKROOT = iphoneos;
				SWIFT_ACTIVE_COMPILATION_CONDITIONS = "DEBUG $(inherited)";
				SWIFT_OPTIMIZATION_LEVEL = "-Onone";
			};
			name = Debug;
		};
		91DA651C2BF291F8004ADB9B /* Release */ = {
			isa = XCBuildConfiguration;
			buildSettings = {
				ALWAYS_SEARCH_USER_PATHS = NO;
				ASSETCATALOG_COMPILER_GENERATE_SWIFT_ASSET_SYMBOL_EXTENSIONS = YES;
				CLANG_ANALYZER_NONNULL = YES;
				CLANG_ANALYZER_NUMBER_OBJECT_CONVERSION = YES_AGGRESSIVE;
				CLANG_CXX_LANGUAGE_STANDARD = "gnu++20";
				CLANG_ENABLE_MODULES = YES;
				CLANG_ENABLE_OBJC_ARC = YES;
				CLANG_ENABLE_OBJC_WEAK = YES;
				CLANG_WARN_BLOCK_CAPTURE_AUTORELEASING = YES;
				CLANG_WARN_BOOL_CONVERSION = YES;
				CLANG_WARN_COMMA = YES;
				CLANG_WARN_CONSTANT_CONVERSION = YES;
				CLANG_WARN_DEPRECATED_OBJC_IMPLEMENTATIONS = YES;
				CLANG_WARN_DIRECT_OBJC_ISA_USAGE = YES_ERROR;
				CLANG_WARN_DOCUMENTATION_COMMENTS = YES;
				CLANG_WARN_EMPTY_BODY = YES;
				CLANG_WARN_ENUM_CONVERSION = YES;
				CLANG_WARN_INFINITE_RECURSION = YES;
				CLANG_WARN_INT_CONVERSION = YES;
				CLANG_WARN_NON_LITERAL_NULL_CONVERSION = YES;
				CLANG_WARN_OBJC_IMPLICIT_RETAIN_SELF = YES;
				CLANG_WARN_OBJC_LITERAL_CONVERSION = YES;
				CLANG_WARN_OBJC_ROOT_CLASS = YES_ERROR;
				CLANG_WARN_QUOTED_INCLUDE_IN_FRAMEWORK_HEADER = YES;
				CLANG_WARN_RANGE_LOOP_ANALYSIS = YES;
				CLANG_WARN_STRICT_PROTOTYPES = YES;
				CLANG_WARN_SUSPICIOUS_MOVE = YES;
				CLANG_WARN_UNGUARDED_AVAILABILITY = YES_AGGRESSIVE;
				CLANG_WARN_UNREACHABLE_CODE = YES;
				CLANG_WARN__DUPLICATE_METHOD_MATCH = YES;
				COPY_PHASE_STRIP = NO;
				DEBUG_INFORMATION_FORMAT = "dwarf-with-dsym";
				ENABLE_NS_ASSERTIONS = NO;
				ENABLE_STRICT_OBJC_MSGSEND = YES;
				ENABLE_USER_SCRIPT_SANDBOXING = YES;
				GCC_C_LANGUAGE_STANDARD = gnu17;
				GCC_NO_COMMON_BLOCKS = YES;
				GCC_WARN_64_TO_32_BIT_CONVERSION = YES;
				GCC_WARN_ABOUT_RETURN_TYPE = YES_ERROR;
				GCC_WARN_UNDECLARED_SELECTOR = YES;
				GCC_WARN_UNINITIALIZED_AUTOS = YES_AGGRESSIVE;
				GCC_WARN_UNUSED_FUNCTION = YES;
				GCC_WARN_UNUSED_VARIABLE = YES;
				IPHONEOS_DEPLOYMENT_TARGET = 17.4;
				LOCALIZATION_PREFERS_STRING_CATALOGS = YES;
				MTL_ENABLE_DEBUG_INFO = NO;
				MTL_FAST_MATH = YES;
				SDKROOT = iphoneos;
				SWIFT_COMPILATION_MODE = wholemodule;
				VALIDATE_PRODUCT = YES;
			};
			name = Release;
		};
		91DA651E2BF291F8004ADB9B /* Debug */ = {
			isa = XCBuildConfiguration;
			buildSettings = {
				ASSETCATALOG_COMPILER_APPICON_NAME = AppIcon;
				ASSETCATALOG_COMPILER_GLOBAL_ACCENT_COLOR_NAME = AccentColor;
				CODE_SIGN_STYLE = Automatic;
				CURRENT_PROJECT_VERSION = 1;
				DEVELOPMENT_ASSET_PATHS = "\"fiume/Preview Content\"";
				DEVELOPMENT_TEAM = 7B9VB3YTHK;
				ENABLE_PREVIEWS = YES;
				GENERATE_INFOPLIST_FILE = YES;
				INFOPLIST_KEY_UIApplicationSceneManifest_Generation = YES;
				INFOPLIST_KEY_UIApplicationSupportsIndirectInputEvents = YES;
				INFOPLIST_KEY_UILaunchScreen_Generation = YES;
				INFOPLIST_KEY_UISupportedInterfaceOrientations_iPad = "UIInterfaceOrientationPortrait UIInterfaceOrientationPortraitUpsideDown UIInterfaceOrientationLandscapeLeft UIInterfaceOrientationLandscapeRight";
				INFOPLIST_KEY_UISupportedInterfaceOrientations_iPhone = "UIInterfaceOrientationPortrait UIInterfaceOrientationLandscapeLeft UIInterfaceOrientationLandscapeRight";
				LD_RUNPATH_SEARCH_PATHS = (
					"$(inherited)",
					"@executable_path/Frameworks",
				);
				MARKETING_VERSION = 1.0;
				PRODUCT_BUNDLE_IDENTIFIER = com.xp123.fiume;
				PRODUCT_NAME = "$(TARGET_NAME)";
				SWIFT_EMIT_LOC_STRINGS = YES;
				SWIFT_VERSION = 5.0;
				TARGETED_DEVICE_FAMILY = "1,2";
			};
			name = Debug;
		};
		91DA651F2BF291F8004ADB9B /* Release */ = {
			isa = XCBuildConfiguration;
			buildSettings = {
				ASSETCATALOG_COMPILER_APPICON_NAME = AppIcon;
				ASSETCATALOG_COMPILER_GLOBAL_ACCENT_COLOR_NAME = AccentColor;
				CODE_SIGN_STYLE = Automatic;
				CURRENT_PROJECT_VERSION = 1;
				DEVELOPMENT_ASSET_PATHS = "\"fiume/Preview Content\"";
				DEVELOPMENT_TEAM = 7B9VB3YTHK;
				ENABLE_PREVIEWS = YES;
				GENERATE_INFOPLIST_FILE = YES;
				INFOPLIST_KEY_UIApplicationSceneManifest_Generation = YES;
				INFOPLIST_KEY_UIApplicationSupportsIndirectInputEvents = YES;
				INFOPLIST_KEY_UILaunchScreen_Generation = YES;
				INFOPLIST_KEY_UISupportedInterfaceOrientations_iPad = "UIInterfaceOrientationPortrait UIInterfaceOrientationPortraitUpsideDown UIInterfaceOrientationLandscapeLeft UIInterfaceOrientationLandscapeRight";
				INFOPLIST_KEY_UISupportedInterfaceOrientations_iPhone = "UIInterfaceOrientationPortrait UIInterfaceOrientationLandscapeLeft UIInterfaceOrientationLandscapeRight";
				LD_RUNPATH_SEARCH_PATHS = (
					"$(inherited)",
					"@executable_path/Frameworks",
				);
				MARKETING_VERSION = 1.0;
				PRODUCT_BUNDLE_IDENTIFIER = com.xp123.fiume;
				PRODUCT_NAME = "$(TARGET_NAME)";
				SWIFT_EMIT_LOC_STRINGS = YES;
				SWIFT_VERSION = 5.0;
				TARGETED_DEVICE_FAMILY = "1,2";
			};
			name = Release;
		};
		91DA65212BF291F8004ADB9B /* Debug */ = {
			isa = XCBuildConfiguration;
			buildSettings = {
				ALWAYS_EMBED_SWIFT_STANDARD_LIBRARIES = YES;
				BUNDLE_LOADER = "$(TEST_HOST)";
				CLANG_ENABLE_MODULES = YES;
				CODE_SIGN_STYLE = Automatic;
				CURRENT_PROJECT_VERSION = 1;
				DEVELOPMENT_TEAM = 7B9VB3YTHK;
				GENERATE_INFOPLIST_FILE = YES;
				IPHONEOS_DEPLOYMENT_TARGET = 17.4;
				MARKETING_VERSION = 1.0;
				PRODUCT_BUNDLE_IDENTIFIER = com.xp123.fiumeTests;
				PRODUCT_NAME = "$(TARGET_NAME)";
				SWIFT_EMIT_LOC_STRINGS = NO;
				SWIFT_OPTIMIZATION_LEVEL = "-Onone";
				SWIFT_VERSION = 5.0;
				TARGETED_DEVICE_FAMILY = "1,2";
				TEST_HOST = "$(BUILT_PRODUCTS_DIR)/fiume.app/$(BUNDLE_EXECUTABLE_FOLDER_PATH)/fiume";
			};
			name = Debug;
		};
		91DA65222BF291F8004ADB9B /* Release */ = {
			isa = XCBuildConfiguration;
			buildSettings = {
				ALWAYS_EMBED_SWIFT_STANDARD_LIBRARIES = YES;
				BUNDLE_LOADER = "$(TEST_HOST)";
				CLANG_ENABLE_MODULES = YES;
				CODE_SIGN_STYLE = Automatic;
				CURRENT_PROJECT_VERSION = 1;
				DEVELOPMENT_TEAM = 7B9VB3YTHK;
				GENERATE_INFOPLIST_FILE = YES;
				IPHONEOS_DEPLOYMENT_TARGET = 17.4;
				MARKETING_VERSION = 1.0;
				PRODUCT_BUNDLE_IDENTIFIER = com.xp123.fiumeTests;
				PRODUCT_NAME = "$(TARGET_NAME)";
				SWIFT_EMIT_LOC_STRINGS = NO;
				SWIFT_VERSION = 5.0;
				TARGETED_DEVICE_FAMILY = "1,2";
				TEST_HOST = "$(BUILT_PRODUCTS_DIR)/fiume.app/$(BUNDLE_EXECUTABLE_FOLDER_PATH)/fiume";
			};
			name = Release;
		};
/* End XCBuildConfiguration section */

/* Begin XCConfigurationList section */
		91DA64F42BF291F6004ADB9B /* Build configuration list for PBXProject "fiume" */ = {
			isa = XCConfigurationList;
			buildConfigurations = (
				91DA651B2BF291F8004ADB9B /* Debug */,
				91DA651C2BF291F8004ADB9B /* Release */,
			);
			defaultConfigurationIsVisible = 0;
			defaultConfigurationName = Release;
		};
		91DA651D2BF291F8004ADB9B /* Build configuration list for PBXNativeTarget "fiume" */ = {
			isa = XCConfigurationList;
			buildConfigurations = (
				91DA651E2BF291F8004ADB9B /* Debug */,
				91DA651F2BF291F8004ADB9B /* Release */,
			);
			defaultConfigurationIsVisible = 0;
			defaultConfigurationName = Release;
		};
		91DA65202BF291F8004ADB9B /* Build configuration list for PBXNativeTarget "fiumeTests" */ = {
			isa = XCConfigurationList;
			buildConfigurations = (
				91DA65212BF291F8004ADB9B /* Debug */,
				91DA65222BF291F8004ADB9B /* Release */,
			);
			defaultConfigurationIsVisible = 0;
			defaultConfigurationName = Release;
		};
/* End XCConfigurationList section */
	};
	rootObject = 91DA64F12BF291F6004ADB9B /* Project object */;
}
