// !$*UTF8*$!
{
	archiveVersion = 1;
	classes = {
	};
	objectVersion = 56;
	objects = {

/* Begin PBXBuildFile section */
		91042FDE2C50494E00FFC65F /* Amount.swift in Sources */ = {isa = PBXBuildFile; fileRef = 91042FDD2C50494E00FFC65F /* Amount.swift */; };
		91042FE02C50496800FFC65F /* AnAmount.swift in Sources */ = {isa = PBXBuildFile; fileRef = 91042FDF2C50496800FFC65F /* AnAmount.swift */; };
		91042FE32C51822B00FFC65F /* AmountView.swift in Sources */ = {isa = PBXBuildFile; fileRef = 91042FE12C51821200FFC65F /* AmountView.swift */; };
		91206E282C07BD2300D4C1CB /* EditPersonView.swift in Sources */ = {isa = PBXBuildFile; fileRef = 91206E272C07BD2300D4C1CB /* EditPersonView.swift */; };
		91206E2A2C07BE6B00D4C1CB /* MonthYearView.swift in Sources */ = {isa = PBXBuildFile; fileRef = 91206E292C07BE6B00D4C1CB /* MonthYearView.swift */; };
		91206E2F2C09013C00D4C1CB /* AMonthYear.swift in Sources */ = {isa = PBXBuildFile; fileRef = 91206E2D2C09011500D4C1CB /* AMonthYear.swift */; };
		91206E332C090B3F00D4C1CB /* PeopleView.swift in Sources */ = {isa = PBXBuildFile; fileRef = 91206E322C090B3F00D4C1CB /* PeopleView.swift */; };
		914B54C72BFBDF34005A9090 /* AScenario.swift in Sources */ = {isa = PBXBuildFile; fileRef = 914B54C62BFBDF34005A9090 /* AScenario.swift */; };
		914FEFAA2BF29399003D858E /* ThePossibilities.swift in Sources */ = {isa = PBXBuildFile; fileRef = 914FEFA82BF29399003D858E /* ThePossibilities.swift */; };
		914FEFAB2BF29399003D858E /* ALeia.swift in Sources */ = {isa = PBXBuildFile; fileRef = 914FEFA92BF29399003D858E /* ALeia.swift */; };
		914FEFB52BF2AD09003D858E /* FormFields.swift in Sources */ = {isa = PBXBuildFile; fileRef = 914FEFB42BF2AD09003D858E /* FormFields.swift */; };
		914FEFB72BF2AD6B003D858E /* EditLeiaView.swift in Sources */ = {isa = PBXBuildFile; fileRef = 914FEFB62BF2AD6B003D858E /* EditLeiaView.swift */; };
		914FEFB92BF2AF08003D858E /* LeiaView.swift in Sources */ = {isa = PBXBuildFile; fileRef = 914FEFB82BF2AF08003D858E /* LeiaView.swift */; };
		915226DA2C4EDB980001260F /* fiume_model.h in Headers */ = {isa = PBXBuildFile; fileRef = 915226D92C4EDB980001260F /* fiume_model.h */; settings = {ATTRIBUTES = (Public, ); }; };
		915226DD2C4EDB980001260F /* fiume_model.framework in Frameworks */ = {isa = PBXBuildFile; fileRef = 915226D72C4EDB980001260F /* fiume_model.framework */; };
		915226DE2C4EDB980001260F /* fiume_model.framework in Embed Frameworks */ = {isa = PBXBuildFile; fileRef = 915226D72C4EDB980001260F /* fiume_model.framework */; settings = {ATTRIBUTES = (CodeSignOnCopy, RemoveHeadersOnCopy, ); }; };
		915226E32C4EDBAD0001260F /* Money.swift in Sources */ = {isa = PBXBuildFile; fileRef = 914FEFA22BF292FE003D858E /* Money.swift */; };
		915226E42C4EDBAD0001260F /* MonthYear.swift in Sources */ = {isa = PBXBuildFile; fileRef = 91F950822C07B860006822AF /* MonthYear.swift */; };
		915226E52C4EDBAD0001260F /* Person.swift in Sources */ = {isa = PBXBuildFile; fileRef = 91F950842C07B8AB006822AF /* Person.swift */; };
		915226E62C4EDBAD0001260F /* Scenarios.swift in Sources */ = {isa = PBXBuildFile; fileRef = 91CDFD162BFE6AE700695E65 /* Scenarios.swift */; };
		915226E72C4EDBAD0001260F /* Scenario.swift in Sources */ = {isa = PBXBuildFile; fileRef = 914B54C42BFBDB74005A9090 /* Scenario.swift */; };
		915226E82C4EDBAD0001260F /* Plan.swift in Sources */ = {isa = PBXBuildFile; fileRef = 919CED482BF5492800ACCE2E /* Plan.swift */; };
		915226E92C4EDBAD0001260F /* Leia.swift in Sources */ = {isa = PBXBuildFile; fileRef = 914FEFA62BF29317003D858E /* Leia.swift */; };
		915226EA2C4EDBAD0001260F /* DateSpecifier.swift in Sources */ = {isa = PBXBuildFile; fileRef = 91D543992C051B5700AD3592 /* DateSpecifier.swift */; };
		915226EB2C4EDBAD0001260F /* Plans.swift in Sources */ = {isa = PBXBuildFile; fileRef = 91C248D32C3337E400A1EEB3 /* Plans.swift */; };
		915226EC2C4EDBAD0001260F /* Possibilities.swift in Sources */ = {isa = PBXBuildFile; fileRef = 914FEFA42BF2930E003D858E /* Possibilities.swift */; };
		915226ED2C4EDBAD0001260F /* People.swift in Sources */ = {isa = PBXBuildFile; fileRef = 91C248CC2C24B3CE00A1EEB3 /* People.swift */; };
		915226EF2C4EDC060001260F /* fiume_model.framework in Frameworks */ = {isa = PBXBuildFile; fileRef = 915226D72C4EDB980001260F /* fiume_model.framework */; platformFilter = ios; };
		915226F02C4EDC060001260F /* fiume_model.framework in Embed Frameworks */ = {isa = PBXBuildFile; fileRef = 915226D72C4EDB980001260F /* fiume_model.framework */; platformFilter = ios; settings = {ATTRIBUTES = (CodeSignOnCopy, RemoveHeadersOnCopy, ); }; };
		91690A7F2C12451500A6082D /* AgeSelector.swift in Sources */ = {isa = PBXBuildFile; fileRef = 91690A7E2C12451500A6082D /* AgeSelector.swift */; };
		91753E412C6BD892001B02F6 /* CapsuleButtonStyle.swift in Sources */ = {isa = PBXBuildFile; fileRef = 91753E402C6BD892001B02F6 /* CapsuleButtonStyle.swift */; };
		91753E432C6BD9D2001B02F6 /* AssumptionsView.swift in Sources */ = {isa = PBXBuildFile; fileRef = 91753E422C6BD9D2001B02F6 /* AssumptionsView.swift */; };
		91753E492C6BE04A001B02F6 /* AssumptionView.swift in Sources */ = {isa = PBXBuildFile; fileRef = 91753E482C6BE04A001B02F6 /* AssumptionView.swift */; };
		91753E4B2C6BED32001B02F6 /* TheAssumptions.swift in Sources */ = {isa = PBXBuildFile; fileRef = 91753E4A2C6BED32001B02F6 /* TheAssumptions.swift */; };
		91753E4C2C6BEE9C001B02F6 /* Assumption.swift in Sources */ = {isa = PBXBuildFile; fileRef = 91753E442C6BDBFD001B02F6 /* Assumption.swift */; };
		91753E4D2C6BEEA9001B02F6 /* Assumptions.swift in Sources */ = {isa = PBXBuildFile; fileRef = 91753E462C6BDC4C001B02F6 /* Assumptions.swift */; };
		918907102C3493FC0030918E /* Possibilities+add.swift in Sources */ = {isa = PBXBuildFile; fileRef = 9189070F2C3493FC0030918E /* Possibilities+add.swift */; };
		918939562C73C5320058C0DA /* NetWorth.swift in Sources */ = {isa = PBXBuildFile; fileRef = 918939552C73C5320058C0DA /* NetWorth.swift */; };
		918939582C73CF350058C0DA /* ANetWorth.swift in Sources */ = {isa = PBXBuildFile; fileRef = 918939572C73CF350058C0DA /* ANetWorth.swift */; };
		9189395A2C73DEA40058C0DA /* Scenario+netWorth.swift in Sources */ = {isa = PBXBuildFile; fileRef = 918939592C73DEA40058C0DA /* Scenario+netWorth.swift */; };
		919CED4B2BF5499F00ACCE2E /* APlan.swift in Sources */ = {isa = PBXBuildFile; fileRef = 919CED4A2BF5499F00ACCE2E /* APlan.swift */; };
		919CED4D2BF54D8C00ACCE2E /* PlanView.swift in Sources */ = {isa = PBXBuildFile; fileRef = 919CED4C2BF54D8C00ACCE2E /* PlanView.swift */; };
		919CED4F2BF550E300ACCE2E /* PlanListView.swift in Sources */ = {isa = PBXBuildFile; fileRef = 919CED4E2BF550E300ACCE2E /* PlanListView.swift */; };
		919CED522BF699E900ACCE2E /* AddPlanView.swift in Sources */ = {isa = PBXBuildFile; fileRef = 919CED512BF699E900ACCE2E /* AddPlanView.swift */; };
		919CED542BF69C5C00ACCE2E /* EditGroupView.swift in Sources */ = {isa = PBXBuildFile; fileRef = 919CED532BF69C5C00ACCE2E /* EditGroupView.swift */; };
		919CED562BF69CB600ACCE2E /* CreateScenariosView.swift in Sources */ = {isa = PBXBuildFile; fileRef = 919CED552BF69CB600ACCE2E /* CreateScenariosView.swift */; };
		91AC450F2C6F8033001500BA /* Leia+make.swift in Sources */ = {isa = PBXBuildFile; fileRef = 91B7CE562C6EC2770000FD7A /* Leia+make.swift */; };
		91B7CE552C6D29790000FD7A /* EditAssumptionView.swift in Sources */ = {isa = PBXBuildFile; fileRef = 91B7CE542C6D29790000FD7A /* EditAssumptionView.swift */; };
		91C248D22C33277100A1EEB3 /* Persistence.swift in Sources */ = {isa = PBXBuildFile; fileRef = 91C248D12C33277100A1EEB3 /* Persistence.swift */; };
		91C248D62C333DC200A1EEB3 /* ThePeople.swift in Sources */ = {isa = PBXBuildFile; fileRef = 91C248D52C333DC200A1EEB3 /* ThePeople.swift */; };
		91C248D92C33456E00A1EEB3 /* ThePlans.swift in Sources */ = {isa = PBXBuildFile; fileRef = 91C248D72C33453E00A1EEB3 /* ThePlans.swift */; };
		91D543982C051A3800AD3592 /* DateSpecifierView.swift in Sources */ = {isa = PBXBuildFile; fileRef = 91D543972C051A3800AD3592 /* DateSpecifierView.swift */; };
		91D5439C2C0523D900AD3592 /* ADateSpecifier.swift in Sources */ = {isa = PBXBuildFile; fileRef = 91D5439B2C0523D900AD3592 /* ADateSpecifier.swift */; };
		91D543A02C06927900AD3592 /* Testing in Frameworks */ = {isa = PBXBuildFile; productRef = 91D5439F2C06927900AD3592 /* Testing */; };
		91D543A32C06DE2A00AD3592 /* Scaffolding.swift in Sources */ = {isa = PBXBuildFile; fileRef = 91D543A22C06DE2A00AD3592 /* Scaffolding.swift */; };
		91D867892BF3E116001B4A3D /* SpikeView.swift in Sources */ = {isa = PBXBuildFile; fileRef = 91D867882BF3E116001B4A3D /* SpikeView.swift */; };
		91DA64FD2BF291F6004ADB9B /* fiumeApp.swift in Sources */ = {isa = PBXBuildFile; fileRef = 91DA64FC2BF291F6004ADB9B /* fiumeApp.swift */; };
		91DA64FF2BF291F6004ADB9B /* ContentView.swift in Sources */ = {isa = PBXBuildFile; fileRef = 91DA64FE2BF291F6004ADB9B /* ContentView.swift */; };
		91DA65012BF291F7004ADB9B /* Assets.xcassets in Resources */ = {isa = PBXBuildFile; fileRef = 91DA65002BF291F7004ADB9B /* Assets.xcassets */; };
		91DA65042BF291F7004ADB9B /* Preview Assets.xcassets in Resources */ = {isa = PBXBuildFile; fileRef = 91DA65032BF291F7004ADB9B /* Preview Assets.xcassets */; };
		91E7BB952C4EF2CF00A328DF /* DateRange.swift in Sources */ = {isa = PBXBuildFile; fileRef = 91E7BB942C4EF2CF00A328DF /* DateRange.swift */; };
		91E7BB972C4EF5D800A328DF /* ADateRange.swift in Sources */ = {isa = PBXBuildFile; fileRef = 91E7BB962C4EF5D800A328DF /* ADateRange.swift */; };
		91E7BB9A2C502C2E00A328DF /* EditDateRangeView.swift in Sources */ = {isa = PBXBuildFile; fileRef = 91E7BB982C502C1100A328DF /* EditDateRangeView.swift */; };
		91F6E05F2C45A29A00E5EB7E /* MonthYear+Plottable.swift in Sources */ = {isa = PBXBuildFile; fileRef = 91F6E05E2C45A29A00E5EB7E /* MonthYear+Plottable.swift */; };
		91FA964E2C77CC4E0011BB7F /* PossibilitiesSummary.swift in Sources */ = {isa = PBXBuildFile; fileRef = 91FA964D2C77CBE20011BB7F /* PossibilitiesSummary.swift */; };
		91FA96502C79707B0011BB7F /* MoneyByType.swift in Sources */ = {isa = PBXBuildFile; fileRef = 91FA964F2C79707B0011BB7F /* MoneyByType.swift */; };
		91FA96532C7D03940011BB7F /* NetWorthView.swift in Sources */ = {isa = PBXBuildFile; fileRef = 91FA96512C7D02260011BB7F /* NetWorthView.swift */; };
		91FA96552C7D04CC0011BB7F /* NetIncomeView.swift in Sources */ = {isa = PBXBuildFile; fileRef = 91FA96542C7D04CC0011BB7F /* NetIncomeView.swift */; };
		91FA96572C7D05F70011BB7F /* GraphView.swift in Sources */ = {isa = PBXBuildFile; fileRef = 91FA96562C7D05F70011BB7F /* GraphView.swift */; };
		91FA96592C7E4D460011BB7F /* ScenarioNetIncomeView.swift in Sources */ = {isa = PBXBuildFile; fileRef = 91FA96582C7E4D460011BB7F /* ScenarioNetIncomeView.swift */; };
		91FA965B2C7E52230011BB7F /* MultiNetIncomeView.swift in Sources */ = {isa = PBXBuildFile; fileRef = 91FA965A2C7E52230011BB7F /* MultiNetIncomeView.swift */; };
/* End PBXBuildFile section */

/* Begin PBXContainerItemProxy section */
		915226DB2C4EDB980001260F /* PBXContainerItemProxy */ = {
			isa = PBXContainerItemProxy;
			containerPortal = 91DA64F12BF291F6004ADB9B /* Project object */;
			proxyType = 1;
			remoteGlobalIDString = 915226D62C4EDB980001260F;
			remoteInfo = "fiume-model";
		};
		915226F12C4EDC060001260F /* PBXContainerItemProxy */ = {
			isa = PBXContainerItemProxy;
			containerPortal = 91DA64F12BF291F6004ADB9B /* Project object */;
			proxyType = 1;
			remoteGlobalIDString = 915226D62C4EDB980001260F;
			remoteInfo = "fiume-model";
		};
		91DA650A2BF291F8004ADB9B /* PBXContainerItemProxy */ = {
			isa = PBXContainerItemProxy;
			containerPortal = 91DA64F12BF291F6004ADB9B /* Project object */;
			proxyType = 1;
			remoteGlobalIDString = 91DA64F82BF291F6004ADB9B;
			remoteInfo = fiume;
		};
/* End PBXContainerItemProxy section */

/* Begin PBXCopyFilesBuildPhase section */
		915226E22C4EDB980001260F /* Embed Frameworks */ = {
			isa = PBXCopyFilesBuildPhase;
			buildActionMask = 2147483647;
			dstPath = "";
			dstSubfolderSpec = 10;
			files = (
				915226DE2C4EDB980001260F /* fiume_model.framework in Embed Frameworks */,
			);
			name = "Embed Frameworks";
			runOnlyForDeploymentPostprocessing = 0;
		};
		915226F32C4EDC060001260F /* Embed Frameworks */ = {
			isa = PBXCopyFilesBuildPhase;
			buildActionMask = 2147483647;
			dstPath = "";
			dstSubfolderSpec = 10;
			files = (
				915226F02C4EDC060001260F /* fiume_model.framework in Embed Frameworks */,
			);
			name = "Embed Frameworks";
			runOnlyForDeploymentPostprocessing = 0;
		};
/* End PBXCopyFilesBuildPhase section */

/* Begin PBXFileReference section */
		91042FDD2C50494E00FFC65F /* Amount.swift */ = {isa = PBXFileReference; lastKnownFileType = sourcecode.swift; path = Amount.swift; sourceTree = "<group>"; };
		91042FDF2C50496800FFC65F /* AnAmount.swift */ = {isa = PBXFileReference; lastKnownFileType = sourcecode.swift; path = AnAmount.swift; sourceTree = "<group>"; };
		91042FE12C51821200FFC65F /* AmountView.swift */ = {isa = PBXFileReference; lastKnownFileType = sourcecode.swift; path = AmountView.swift; sourceTree = "<group>"; };
		91206E272C07BD2300D4C1CB /* EditPersonView.swift */ = {isa = PBXFileReference; lastKnownFileType = sourcecode.swift; path = EditPersonView.swift; sourceTree = "<group>"; };
		91206E292C07BE6B00D4C1CB /* MonthYearView.swift */ = {isa = PBXFileReference; lastKnownFileType = sourcecode.swift; path = MonthYearView.swift; sourceTree = "<group>"; };
		91206E2D2C09011500D4C1CB /* AMonthYear.swift */ = {isa = PBXFileReference; lastKnownFileType = sourcecode.swift; path = AMonthYear.swift; sourceTree = "<group>"; };
		91206E322C090B3F00D4C1CB /* PeopleView.swift */ = {isa = PBXFileReference; lastKnownFileType = sourcecode.swift; path = PeopleView.swift; sourceTree = "<group>"; };
		914B54C42BFBDB74005A9090 /* Scenario.swift */ = {isa = PBXFileReference; lastKnownFileType = sourcecode.swift; path = Scenario.swift; sourceTree = "<group>"; };
		914B54C62BFBDF34005A9090 /* AScenario.swift */ = {isa = PBXFileReference; lastKnownFileType = sourcecode.swift; path = AScenario.swift; sourceTree = "<group>"; };
		914FEFA22BF292FE003D858E /* Money.swift */ = {isa = PBXFileReference; fileEncoding = 4; lastKnownFileType = sourcecode.swift; path = Money.swift; sourceTree = "<group>"; };
		914FEFA42BF2930E003D858E /* Possibilities.swift */ = {isa = PBXFileReference; fileEncoding = 4; lastKnownFileType = sourcecode.swift; path = Possibilities.swift; sourceTree = "<group>"; };
		914FEFA62BF29317003D858E /* Leia.swift */ = {isa = PBXFileReference; fileEncoding = 4; lastKnownFileType = sourcecode.swift; path = Leia.swift; sourceTree = "<group>"; };
		914FEFA82BF29399003D858E /* ThePossibilities.swift */ = {isa = PBXFileReference; fileEncoding = 4; lastKnownFileType = sourcecode.swift; path = ThePossibilities.swift; sourceTree = "<group>"; };
		914FEFA92BF29399003D858E /* ALeia.swift */ = {isa = PBXFileReference; fileEncoding = 4; lastKnownFileType = sourcecode.swift; path = ALeia.swift; sourceTree = "<group>"; };
		914FEFB42BF2AD09003D858E /* FormFields.swift */ = {isa = PBXFileReference; lastKnownFileType = sourcecode.swift; path = FormFields.swift; sourceTree = "<group>"; };
		914FEFB62BF2AD6B003D858E /* EditLeiaView.swift */ = {isa = PBXFileReference; lastKnownFileType = sourcecode.swift; path = EditLeiaView.swift; sourceTree = "<group>"; };
		914FEFB82BF2AF08003D858E /* LeiaView.swift */ = {isa = PBXFileReference; lastKnownFileType = sourcecode.swift; path = LeiaView.swift; sourceTree = "<group>"; };
		915226D72C4EDB980001260F /* fiume_model.framework */ = {isa = PBXFileReference; explicitFileType = wrapper.framework; includeInIndex = 0; path = fiume_model.framework; sourceTree = BUILT_PRODUCTS_DIR; };
		915226D92C4EDB980001260F /* fiume_model.h */ = {isa = PBXFileReference; lastKnownFileType = sourcecode.c.h; path = fiume_model.h; sourceTree = "<group>"; };
		9152FC512C0AB46A000D5001 /* fiume-Info.plist */ = {isa = PBXFileReference; lastKnownFileType = text.plist; path = "fiume-Info.plist"; sourceTree = "<group>"; };
		91690A7E2C12451500A6082D /* AgeSelector.swift */ = {isa = PBXFileReference; lastKnownFileType = sourcecode.swift; path = AgeSelector.swift; sourceTree = "<group>"; };
		91753E402C6BD892001B02F6 /* CapsuleButtonStyle.swift */ = {isa = PBXFileReference; lastKnownFileType = sourcecode.swift; path = CapsuleButtonStyle.swift; sourceTree = "<group>"; };
		91753E422C6BD9D2001B02F6 /* AssumptionsView.swift */ = {isa = PBXFileReference; lastKnownFileType = sourcecode.swift; path = AssumptionsView.swift; sourceTree = "<group>"; };
		91753E442C6BDBFD001B02F6 /* Assumption.swift */ = {isa = PBXFileReference; lastKnownFileType = sourcecode.swift; path = Assumption.swift; sourceTree = "<group>"; };
		91753E462C6BDC4C001B02F6 /* Assumptions.swift */ = {isa = PBXFileReference; lastKnownFileType = sourcecode.swift; path = Assumptions.swift; sourceTree = "<group>"; };
		91753E482C6BE04A001B02F6 /* AssumptionView.swift */ = {isa = PBXFileReference; lastKnownFileType = sourcecode.swift; path = AssumptionView.swift; sourceTree = "<group>"; };
		91753E4A2C6BED32001B02F6 /* TheAssumptions.swift */ = {isa = PBXFileReference; lastKnownFileType = sourcecode.swift; path = TheAssumptions.swift; sourceTree = "<group>"; };
		9189070F2C3493FC0030918E /* Possibilities+add.swift */ = {isa = PBXFileReference; lastKnownFileType = sourcecode.swift; path = "Possibilities+add.swift"; sourceTree = "<group>"; };
		918939552C73C5320058C0DA /* NetWorth.swift */ = {isa = PBXFileReference; lastKnownFileType = sourcecode.swift; path = NetWorth.swift; sourceTree = "<group>"; };
		918939572C73CF350058C0DA /* ANetWorth.swift */ = {isa = PBXFileReference; lastKnownFileType = sourcecode.swift; path = ANetWorth.swift; sourceTree = "<group>"; };
		918939592C73DEA40058C0DA /* Scenario+netWorth.swift */ = {isa = PBXFileReference; lastKnownFileType = sourcecode.swift; path = "Scenario+netWorth.swift"; sourceTree = "<group>"; };
		919070D82C4059F50028B5BB /* _todo.txt */ = {isa = PBXFileReference; lastKnownFileType = text; path = _todo.txt; sourceTree = "<group>"; };
		919070D92C4059FD0028B5BB /* fiume.key */ = {isa = PBXFileReference; lastKnownFileType = file; path = fiume.key; sourceTree = "<group>"; };
		919CED482BF5492800ACCE2E /* Plan.swift */ = {isa = PBXFileReference; lastKnownFileType = sourcecode.swift; path = Plan.swift; sourceTree = "<group>"; };
		919CED4A2BF5499F00ACCE2E /* APlan.swift */ = {isa = PBXFileReference; lastKnownFileType = sourcecode.swift; path = APlan.swift; sourceTree = "<group>"; };
		919CED4C2BF54D8C00ACCE2E /* PlanView.swift */ = {isa = PBXFileReference; lastKnownFileType = sourcecode.swift; path = PlanView.swift; sourceTree = "<group>"; };
		919CED4E2BF550E300ACCE2E /* PlanListView.swift */ = {isa = PBXFileReference; lastKnownFileType = sourcecode.swift; path = PlanListView.swift; sourceTree = "<group>"; };
		919CED512BF699E900ACCE2E /* AddPlanView.swift */ = {isa = PBXFileReference; lastKnownFileType = sourcecode.swift; path = AddPlanView.swift; sourceTree = "<group>"; };
		919CED532BF69C5C00ACCE2E /* EditGroupView.swift */ = {isa = PBXFileReference; lastKnownFileType = sourcecode.swift; path = EditGroupView.swift; sourceTree = "<group>"; };
		919CED552BF69CB600ACCE2E /* CreateScenariosView.swift */ = {isa = PBXFileReference; lastKnownFileType = sourcecode.swift; path = CreateScenariosView.swift; sourceTree = "<group>"; };
		91A8C2962BFD773100DF5AC0 /* .swiftlint.yml */ = {isa = PBXFileReference; lastKnownFileType = text.yaml; path = .swiftlint.yml; sourceTree = "<group>"; };
		91A8C2982BFD7C5400DF5AC0 /* fiume.xctestplan */ = {isa = PBXFileReference; lastKnownFileType = text; path = fiume.xctestplan; sourceTree = "<group>"; };
		91B7CE542C6D29790000FD7A /* EditAssumptionView.swift */ = {isa = PBXFileReference; lastKnownFileType = sourcecode.swift; path = EditAssumptionView.swift; sourceTree = "<group>"; };
		91B7CE562C6EC2770000FD7A /* Leia+make.swift */ = {isa = PBXFileReference; lastKnownFileType = sourcecode.swift; path = "Leia+make.swift"; sourceTree = "<group>"; };
		91C248CC2C24B3CE00A1EEB3 /* People.swift */ = {isa = PBXFileReference; lastKnownFileType = sourcecode.swift; path = People.swift; sourceTree = "<group>"; };
		91C248D12C33277100A1EEB3 /* Persistence.swift */ = {isa = PBXFileReference; lastKnownFileType = sourcecode.swift; path = Persistence.swift; sourceTree = "<group>"; };
		91C248D32C3337E400A1EEB3 /* Plans.swift */ = {isa = PBXFileReference; lastKnownFileType = sourcecode.swift; path = Plans.swift; sourceTree = "<group>"; };
		91C248D52C333DC200A1EEB3 /* ThePeople.swift */ = {isa = PBXFileReference; lastKnownFileType = sourcecode.swift; path = ThePeople.swift; sourceTree = "<group>"; };
		91C248D72C33453E00A1EEB3 /* ThePlans.swift */ = {isa = PBXFileReference; lastKnownFileType = sourcecode.swift; path = ThePlans.swift; sourceTree = "<group>"; };
		91CDFD162BFE6AE700695E65 /* Scenarios.swift */ = {isa = PBXFileReference; lastKnownFileType = sourcecode.swift; path = Scenarios.swift; sourceTree = "<group>"; };
		91D543972C051A3800AD3592 /* DateSpecifierView.swift */ = {isa = PBXFileReference; lastKnownFileType = sourcecode.swift; path = DateSpecifierView.swift; sourceTree = "<group>"; };
		91D543992C051B5700AD3592 /* DateSpecifier.swift */ = {isa = PBXFileReference; lastKnownFileType = sourcecode.swift; path = DateSpecifier.swift; sourceTree = "<group>"; };
		91D5439B2C0523D900AD3592 /* ADateSpecifier.swift */ = {isa = PBXFileReference; lastKnownFileType = sourcecode.swift; path = ADateSpecifier.swift; sourceTree = "<group>"; };
		91D543A12C0692B500AD3592 /* Package.swift */ = {isa = PBXFileReference; lastKnownFileType = sourcecode.swift; path = Package.swift; sourceTree = "<group>"; };
		91D543A22C06DE2A00AD3592 /* Scaffolding.swift */ = {isa = PBXFileReference; lastKnownFileType = sourcecode.swift; path = Scaffolding.swift; sourceTree = "<group>"; };
		91D867882BF3E116001B4A3D /* SpikeView.swift */ = {isa = PBXFileReference; lastKnownFileType = sourcecode.swift; path = SpikeView.swift; sourceTree = "<group>"; };
		91DA64F92BF291F6004ADB9B /* fiume.app */ = {isa = PBXFileReference; explicitFileType = wrapper.application; includeInIndex = 0; path = fiume.app; sourceTree = BUILT_PRODUCTS_DIR; };
		91DA64FC2BF291F6004ADB9B /* fiumeApp.swift */ = {isa = PBXFileReference; lastKnownFileType = sourcecode.swift; path = fiumeApp.swift; sourceTree = "<group>"; };
		91DA64FE2BF291F6004ADB9B /* ContentView.swift */ = {isa = PBXFileReference; lastKnownFileType = sourcecode.swift; path = ContentView.swift; sourceTree = "<group>"; };
		91DA65002BF291F7004ADB9B /* Assets.xcassets */ = {isa = PBXFileReference; lastKnownFileType = folder.assetcatalog; path = Assets.xcassets; sourceTree = "<group>"; };
		91DA65032BF291F7004ADB9B /* Preview Assets.xcassets */ = {isa = PBXFileReference; lastKnownFileType = folder.assetcatalog; path = "Preview Assets.xcassets"; sourceTree = "<group>"; };
		91DA65092BF291F8004ADB9B /* fiumeTests.xctest */ = {isa = PBXFileReference; explicitFileType = wrapper.cfbundle; includeInIndex = 0; path = fiumeTests.xctest; sourceTree = BUILT_PRODUCTS_DIR; };
		91E7BB942C4EF2CF00A328DF /* DateRange.swift */ = {isa = PBXFileReference; lastKnownFileType = sourcecode.swift; path = DateRange.swift; sourceTree = "<group>"; };
		91E7BB962C4EF5D800A328DF /* ADateRange.swift */ = {isa = PBXFileReference; lastKnownFileType = sourcecode.swift; path = ADateRange.swift; sourceTree = "<group>"; };
		91E7BB982C502C1100A328DF /* EditDateRangeView.swift */ = {isa = PBXFileReference; lastKnownFileType = sourcecode.swift; path = EditDateRangeView.swift; sourceTree = "<group>"; };
		91F6E05E2C45A29A00E5EB7E /* MonthYear+Plottable.swift */ = {isa = PBXFileReference; lastKnownFileType = sourcecode.swift; path = "MonthYear+Plottable.swift"; sourceTree = "<group>"; };
		91F950822C07B860006822AF /* MonthYear.swift */ = {isa = PBXFileReference; lastKnownFileType = sourcecode.swift; path = MonthYear.swift; sourceTree = "<group>"; };
		91F950842C07B8AB006822AF /* Person.swift */ = {isa = PBXFileReference; lastKnownFileType = sourcecode.swift; path = Person.swift; sourceTree = "<group>"; };
		91FA964D2C77CBE20011BB7F /* PossibilitiesSummary.swift */ = {isa = PBXFileReference; lastKnownFileType = sourcecode.swift; path = PossibilitiesSummary.swift; sourceTree = "<group>"; };
		91FA964F2C79707B0011BB7F /* MoneyByType.swift */ = {isa = PBXFileReference; lastKnownFileType = sourcecode.swift; path = MoneyByType.swift; sourceTree = "<group>"; };
		91FA96512C7D02260011BB7F /* NetWorthView.swift */ = {isa = PBXFileReference; lastKnownFileType = sourcecode.swift; path = NetWorthView.swift; sourceTree = "<group>"; };
		91FA96542C7D04CC0011BB7F /* NetIncomeView.swift */ = {isa = PBXFileReference; lastKnownFileType = sourcecode.swift; path = NetIncomeView.swift; sourceTree = "<group>"; };
		91FA96562C7D05F70011BB7F /* GraphView.swift */ = {isa = PBXFileReference; lastKnownFileType = sourcecode.swift; path = GraphView.swift; sourceTree = "<group>"; };
		91FA96582C7E4D460011BB7F /* ScenarioNetIncomeView.swift */ = {isa = PBXFileReference; lastKnownFileType = sourcecode.swift; path = ScenarioNetIncomeView.swift; sourceTree = "<group>"; };
		91FA965A2C7E52230011BB7F /* MultiNetIncomeView.swift */ = {isa = PBXFileReference; lastKnownFileType = sourcecode.swift; path = MultiNetIncomeView.swift; sourceTree = "<group>"; };
/* End PBXFileReference section */

/* Begin PBXFrameworksBuildPhase section */
		915226D42C4EDB980001260F /* Frameworks */ = {
			isa = PBXFrameworksBuildPhase;
			buildActionMask = 2147483647;
			files = (
			);
			runOnlyForDeploymentPostprocessing = 0;
		};
		91DA64F62BF291F6004ADB9B /* Frameworks */ = {
			isa = PBXFrameworksBuildPhase;
			buildActionMask = 2147483647;
			files = (
				915226DD2C4EDB980001260F /* fiume_model.framework in Frameworks */,
			);
			runOnlyForDeploymentPostprocessing = 0;
		};
		91DA65062BF291F8004ADB9B /* Frameworks */ = {
			isa = PBXFrameworksBuildPhase;
			buildActionMask = 2147483647;
			files = (
				91D543A02C06927900AD3592 /* Testing in Frameworks */,
				915226EF2C4EDC060001260F /* fiume_model.framework in Frameworks */,
			);
			runOnlyForDeploymentPostprocessing = 0;
		};
/* End PBXFrameworksBuildPhase section */

/* Begin PBXGroup section */
		915226D82C4EDB980001260F /* fiume-model */ = {
			isa = PBXGroup;
			children = (
				91042FDD2C50494E00FFC65F /* Amount.swift */,
				91753E442C6BDBFD001B02F6 /* Assumption.swift */,
				91753E462C6BDC4C001B02F6 /* Assumptions.swift */,
				91E7BB942C4EF2CF00A328DF /* DateRange.swift */,
				91D543992C051B5700AD3592 /* DateSpecifier.swift */,
				915226D92C4EDB980001260F /* fiume_model.h */,
				914FEFA62BF29317003D858E /* Leia.swift */,
				914FEFA22BF292FE003D858E /* Money.swift */,
				91FA964F2C79707B0011BB7F /* MoneyByType.swift */,
				91F950822C07B860006822AF /* MonthYear.swift */,
				918939552C73C5320058C0DA /* NetWorth.swift */,
				91C248CC2C24B3CE00A1EEB3 /* People.swift */,
				91F950842C07B8AB006822AF /* Person.swift */,
				919CED482BF5492800ACCE2E /* Plan.swift */,
				91C248D32C3337E400A1EEB3 /* Plans.swift */,
				914FEFA42BF2930E003D858E /* Possibilities.swift */,
				91FA964D2C77CBE20011BB7F /* PossibilitiesSummary.swift */,
				914B54C42BFBDB74005A9090 /* Scenario.swift */,
				91CDFD162BFE6AE700695E65 /* Scenarios.swift */,
			);
			path = "fiume-model";
			sourceTree = "<group>";
		};
		915226EE2C4EDC060001260F /* Frameworks */ = {
			isa = PBXGroup;
			children = (
			);
			name = Frameworks;
			sourceTree = "<group>";
		};
		919CED502BF6979A00ACCE2E /* view */ = {
			isa = PBXGroup;
			children = (
				919CED512BF699E900ACCE2E /* AddPlanView.swift */,
				91690A7E2C12451500A6082D /* AgeSelector.swift */,
				91042FE12C51821200FFC65F /* AmountView.swift */,
				91753E422C6BD9D2001B02F6 /* AssumptionsView.swift */,
				91753E482C6BE04A001B02F6 /* AssumptionView.swift */,
				91753E402C6BD892001B02F6 /* CapsuleButtonStyle.swift */,
				91DA64FE2BF291F6004ADB9B /* ContentView.swift */,
				919CED552BF69CB600ACCE2E /* CreateScenariosView.swift */,
				91D543972C051A3800AD3592 /* DateSpecifierView.swift */,
				91B7CE542C6D29790000FD7A /* EditAssumptionView.swift */,
				91E7BB982C502C1100A328DF /* EditDateRangeView.swift */,
				919CED532BF69C5C00ACCE2E /* EditGroupView.swift */,
				91206E272C07BD2300D4C1CB /* EditPersonView.swift */,
				914FEFB62BF2AD6B003D858E /* EditLeiaView.swift */,
				914FEFB42BF2AD09003D858E /* FormFields.swift */,
				914FEFB82BF2AF08003D858E /* LeiaView.swift */,
				91F6E05E2C45A29A00E5EB7E /* MonthYear+Plottable.swift */,
				91206E292C07BE6B00D4C1CB /* MonthYearView.swift */,
				91FA96542C7D04CC0011BB7F /* NetIncomeView.swift */,
				91FA96512C7D02260011BB7F /* NetWorthView.swift */,
				91206E322C090B3F00D4C1CB /* PeopleView.swift */,
				919CED4E2BF550E300ACCE2E /* PlanListView.swift */,
				919CED4C2BF54D8C00ACCE2E /* PlanView.swift */,
				91FA96562C7D05F70011BB7F /* GraphView.swift */,
				91FA96582C7E4D460011BB7F /* ScenarioNetIncomeView.swift */,
				91FA965A2C7E52230011BB7F /* MultiNetIncomeView.swift */,
			);
			path = view;
			sourceTree = "<group>";
		};
		91C248D02C33270F00A1EEB3 /* io */ = {
			isa = PBXGroup;
			children = (
				91C248D12C33277100A1EEB3 /* Persistence.swift */,
			);
			path = io;
			sourceTree = "<group>";
		};
		91D867872BF3E100001B4A3D /* spike */ = {
			isa = PBXGroup;
			children = (
				91D867882BF3E116001B4A3D /* SpikeView.swift */,
			);
			path = spike;
			sourceTree = "<group>";
		};
		91DA64F02BF291F6004ADB9B = {
			isa = PBXGroup;
			children = (
				919070D82C4059F50028B5BB /* _todo.txt */,
				919070D92C4059FD0028B5BB /* fiume.key */,
				91A8C2982BFD7C5400DF5AC0 /* fiume.xctestplan */,
				91A8C2962BFD773100DF5AC0 /* .swiftlint.yml */,
				9152FC512C0AB46A000D5001 /* fiume-Info.plist */,
				91DA64FB2BF291F6004ADB9B /* Sources */,
				91D867872BF3E100001B4A3D /* spike */,
				91DA650C2BF291F8004ADB9B /* Tests */,
				91DA64FA2BF291F6004ADB9B /* Products */,
				915226EE2C4EDC060001260F /* Frameworks */,
			);
			sourceTree = "<group>";
		};
		91DA64FA2BF291F6004ADB9B /* Products */ = {
			isa = PBXGroup;
			children = (
				91DA64F92BF291F6004ADB9B /* fiume.app */,
				91DA65092BF291F8004ADB9B /* fiumeTests.xctest */,
				915226D72C4EDB980001260F /* fiume_model.framework */,
			);
			name = Products;
			sourceTree = "<group>";
		};
		91DA64FB2BF291F6004ADB9B /* Sources */ = {
			isa = PBXGroup;
			children = (
				91DA65002BF291F7004ADB9B /* Assets.xcassets */,
				91DA64FC2BF291F6004ADB9B /* fiumeApp.swift */,
				915226D82C4EDB980001260F /* fiume-model */,
				91C248D02C33270F00A1EEB3 /* io */,
				919CED502BF6979A00ACCE2E /* view */,
				91DA65022BF291F7004ADB9B /* Preview Content */,
			);
			path = Sources;
			sourceTree = "<group>";
		};
		91DA65022BF291F7004ADB9B /* Preview Content */ = {
			isa = PBXGroup;
			children = (
				91DA65032BF291F7004ADB9B /* Preview Assets.xcassets */,
			);
			path = "Preview Content";
			sourceTree = "<group>";
		};
		91DA650C2BF291F8004ADB9B /* Tests */ = {
			isa = PBXGroup;
			children = (
				91E7BB962C4EF5D800A328DF /* ADateRange.swift */,
				91D5439B2C0523D900AD3592 /* ADateSpecifier.swift */,
				914FEFA92BF29399003D858E /* ALeia.swift */,
				91206E2D2C09011500D4C1CB /* AMonthYear.swift */,
				91042FDF2C50496800FFC65F /* AnAmount.swift */,
				918939572C73CF350058C0DA /* ANetWorth.swift */,
				919CED4A2BF5499F00ACCE2E /* APlan.swift */,
				914B54C62BFBDF34005A9090 /* AScenario.swift */,
				91B7CE562C6EC2770000FD7A /* Leia+make.swift */,
				91D543A12C0692B500AD3592 /* Package.swift */,
				9189070F2C3493FC0030918E /* Possibilities+add.swift */,
				91D543A22C06DE2A00AD3592 /* Scaffolding.swift */,
				918939592C73DEA40058C0DA /* Scenario+netWorth.swift */,
				91C248D52C333DC200A1EEB3 /* ThePeople.swift */,
				91C248D72C33453E00A1EEB3 /* ThePlans.swift */,
				914FEFA82BF29399003D858E /* ThePossibilities.swift */,
				91753E4A2C6BED32001B02F6 /* TheAssumptions.swift */,
			);
			path = Tests;
			sourceTree = "<group>";
		};
/* End PBXGroup section */

/* Begin PBXHeadersBuildPhase section */
		915226D22C4EDB980001260F /* Headers */ = {
			isa = PBXHeadersBuildPhase;
			buildActionMask = 2147483647;
			files = (
				915226DA2C4EDB980001260F /* fiume_model.h in Headers */,
			);
			runOnlyForDeploymentPostprocessing = 0;
		};
/* End PBXHeadersBuildPhase section */

/* Begin PBXNativeTarget section */
		915226D62C4EDB980001260F /* fiume-model */ = {
			isa = PBXNativeTarget;
			buildConfigurationList = 915226DF2C4EDB980001260F /* Build configuration list for PBXNativeTarget "fiume-model" */;
			buildPhases = (
				915226D22C4EDB980001260F /* Headers */,
				915226D32C4EDB980001260F /* Sources */,
				915226D42C4EDB980001260F /* Frameworks */,
				915226D52C4EDB980001260F /* Resources */,
			);
			buildRules = (
			);
			dependencies = (
			);
			name = "fiume-model";
			productName = "fiume-model";
			productReference = 915226D72C4EDB980001260F /* fiume_model.framework */;
			productType = "com.apple.product-type.framework";
		};
		91DA64F82BF291F6004ADB9B /* fiume */ = {
			isa = PBXNativeTarget;
			buildConfigurationList = 91DA651D2BF291F8004ADB9B /* Build configuration list for PBXNativeTarget "fiume" */;
			buildPhases = (
				91DA64F52BF291F6004ADB9B /* Sources */,
				91DA64F62BF291F6004ADB9B /* Frameworks */,
				91DA64F72BF291F6004ADB9B /* Resources */,
				91A8C2972BFD77B000DF5AC0 /* ShellScript */,
				915226E22C4EDB980001260F /* Embed Frameworks */,
			);
			buildRules = (
			);
			dependencies = (
				915226DC2C4EDB980001260F /* PBXTargetDependency */,
			);
			name = fiume;
			productName = fiume;
			productReference = 91DA64F92BF291F6004ADB9B /* fiume.app */;
			productType = "com.apple.product-type.application";
		};
		91DA65082BF291F8004ADB9B /* fiumeTests */ = {
			isa = PBXNativeTarget;
			buildConfigurationList = 91DA65202BF291F8004ADB9B /* Build configuration list for PBXNativeTarget "fiumeTests" */;
			buildPhases = (
				91DA65052BF291F8004ADB9B /* Sources */,
				91DA65062BF291F8004ADB9B /* Frameworks */,
				91DA65072BF291F8004ADB9B /* Resources */,
				915226F32C4EDC060001260F /* Embed Frameworks */,
			);
			buildRules = (
			);
			dependencies = (
				91DA650B2BF291F8004ADB9B /* PBXTargetDependency */,
				915226F22C4EDC060001260F /* PBXTargetDependency */,
			);
			name = fiumeTests;
			packageProductDependencies = (
				91D5439F2C06927900AD3592 /* Testing */,
			);
			productName = fiumeTests;
			productReference = 91DA65092BF291F8004ADB9B /* fiumeTests.xctest */;
			productType = "com.apple.product-type.bundle.unit-test";
		};
/* End PBXNativeTarget section */

/* Begin PBXProject section */
		91DA64F12BF291F6004ADB9B /* Project object */ = {
			isa = PBXProject;
			attributes = {
				BuildIndependentTargetsInParallel = 1;
				LastSwiftUpdateCheck = 1530;
				LastUpgradeCheck = 1540;
				TargetAttributes = {
					915226D62C4EDB980001260F = {
						CreatedOnToolsVersion = 15.4;
					};
					91DA64F82BF291F6004ADB9B = {
						CreatedOnToolsVersion = 15.3;
					};
					91DA65082BF291F8004ADB9B = {
						CreatedOnToolsVersion = 15.3;
						LastSwiftMigration = 1530;
					};
				};
			};
			buildConfigurationList = 91DA64F42BF291F6004ADB9B /* Build configuration list for PBXProject "fiume" */;
			compatibilityVersion = "Xcode 14.0";
			developmentRegion = en;
			hasScannedForEncodings = 0;
			knownRegions = (
				en,
				Base,
			);
			mainGroup = 91DA64F02BF291F6004ADB9B;
			packageReferences = (
				91D5439E2C06927900AD3592 /* XCRemoteSwiftPackageReference "swift-testing" */,
			);
			productRefGroup = 91DA64FA2BF291F6004ADB9B /* Products */;
			projectDirPath = "";
			projectRoot = "";
			targets = (
				91DA64F82BF291F6004ADB9B /* fiume */,
				91DA65082BF291F8004ADB9B /* fiumeTests */,
				915226D62C4EDB980001260F /* fiume-model */,
			);
		};
/* End PBXProject section */

/* Begin PBXResourcesBuildPhase section */
		915226D52C4EDB980001260F /* Resources */ = {
			isa = PBXResourcesBuildPhase;
			buildActionMask = 2147483647;
			files = (
			);
			runOnlyForDeploymentPostprocessing = 0;
		};
		91DA64F72BF291F6004ADB9B /* Resources */ = {
			isa = PBXResourcesBuildPhase;
			buildActionMask = 2147483647;
			files = (
				91DA65042BF291F7004ADB9B /* Preview Assets.xcassets in Resources */,
				91DA65012BF291F7004ADB9B /* Assets.xcassets in Resources */,
			);
			runOnlyForDeploymentPostprocessing = 0;
		};
		91DA65072BF291F8004ADB9B /* Resources */ = {
			isa = PBXResourcesBuildPhase;
			buildActionMask = 2147483647;
			files = (
			);
			runOnlyForDeploymentPostprocessing = 0;
		};
/* End PBXResourcesBuildPhase section */

/* Begin PBXShellScriptBuildPhase section */
		91A8C2972BFD77B000DF5AC0 /* ShellScript */ = {
			isa = PBXShellScriptBuildPhase;
			alwaysOutOfDate = 1;
			buildActionMask = 12;
			files = (
			);
			inputFileListPaths = (
			);
			inputPaths = (
			);
			outputFileListPaths = (
			);
			outputPaths = (
			);
			runOnlyForDeploymentPostprocessing = 0;
			shellPath = /bin/sh;
			shellScript = "if which swiftlint >>/dev/null; then\n  swiftlint\nelse\n  echo \"warning: swiftlint not installed\"\nfi\n";
		};
/* End PBXShellScriptBuildPhase section */

/* Begin PBXSourcesBuildPhase section */
		915226D32C4EDB980001260F /* Sources */ = {
			isa = PBXSourcesBuildPhase;
			buildActionMask = 2147483647;
			files = (
				915226E52C4EDBAD0001260F /* Person.swift in Sources */,
				91FA964E2C77CC4E0011BB7F /* PossibilitiesSummary.swift in Sources */,
				915226E62C4EDBAD0001260F /* Scenarios.swift in Sources */,
				915226E82C4EDBAD0001260F /* Plan.swift in Sources */,
				915226EC2C4EDBAD0001260F /* Possibilities.swift in Sources */,
				918939562C73C5320058C0DA /* NetWorth.swift in Sources */,
				91753E4D2C6BEEA9001B02F6 /* Assumptions.swift in Sources */,
				915226E32C4EDBAD0001260F /* Money.swift in Sources */,
				91E7BB952C4EF2CF00A328DF /* DateRange.swift in Sources */,
				91FA96502C79707B0011BB7F /* MoneyByType.swift in Sources */,
				91753E4C2C6BEE9C001B02F6 /* Assumption.swift in Sources */,
				915226EB2C4EDBAD0001260F /* Plans.swift in Sources */,
				915226E92C4EDBAD0001260F /* Leia.swift in Sources */,
				915226ED2C4EDBAD0001260F /* People.swift in Sources */,
				91042FDE2C50494E00FFC65F /* Amount.swift in Sources */,
				915226E72C4EDBAD0001260F /* Scenario.swift in Sources */,
				915226EA2C4EDBAD0001260F /* DateSpecifier.swift in Sources */,
				915226E42C4EDBAD0001260F /* MonthYear.swift in Sources */,
			);
			runOnlyForDeploymentPostprocessing = 0;
		};
		91DA64F52BF291F6004ADB9B /* Sources */ = {
			isa = PBXSourcesBuildPhase;
			buildActionMask = 2147483647;
			files = (
				91206E332C090B3F00D4C1CB /* PeopleView.swift in Sources */,
				914FEFB72BF2AD6B003D858E /* EditLeiaView.swift in Sources */,
				919CED562BF69CB600ACCE2E /* CreateScenariosView.swift in Sources */,
				91B7CE552C6D29790000FD7A /* EditAssumptionView.swift in Sources */,
				91F6E05F2C45A29A00E5EB7E /* MonthYear+Plottable.swift in Sources */,
				91E7BB9A2C502C2E00A328DF /* EditDateRangeView.swift in Sources */,
				914FEFB92BF2AF08003D858E /* LeiaView.swift in Sources */,
				91FA96552C7D04CC0011BB7F /* NetIncomeView.swift in Sources */,
				919CED522BF699E900ACCE2E /* AddPlanView.swift in Sources */,
				919CED542BF69C5C00ACCE2E /* EditGroupView.swift in Sources */,
				91D867892BF3E116001B4A3D /* SpikeView.swift in Sources */,
				91FA96592C7E4D460011BB7F /* ScenarioNetIncomeView.swift in Sources */,
				91C248D22C33277100A1EEB3 /* Persistence.swift in Sources */,
				91DA64FF2BF291F6004ADB9B /* ContentView.swift in Sources */,
				91DA64FD2BF291F6004ADB9B /* fiumeApp.swift in Sources */,
				91206E282C07BD2300D4C1CB /* EditPersonView.swift in Sources */,
				91690A7F2C12451500A6082D /* AgeSelector.swift in Sources */,
				91D543982C051A3800AD3592 /* DateSpecifierView.swift in Sources */,
				91753E432C6BD9D2001B02F6 /* AssumptionsView.swift in Sources */,
				914FEFB52BF2AD09003D858E /* FormFields.swift in Sources */,
				91753E492C6BE04A001B02F6 /* AssumptionView.swift in Sources */,
				91FA96572C7D05F70011BB7F /* GraphView.swift in Sources */,
				91FA96532C7D03940011BB7F /* NetWorthView.swift in Sources */,
				91206E2A2C07BE6B00D4C1CB /* MonthYearView.swift in Sources */,
				91042FE32C51822B00FFC65F /* AmountView.swift in Sources */,
				919CED4D2BF54D8C00ACCE2E /* PlanView.swift in Sources */,
				91753E412C6BD892001B02F6 /* CapsuleButtonStyle.swift in Sources */,
				91FA965B2C7E52230011BB7F /* MultiNetIncomeView.swift in Sources */,
				919CED4F2BF550E300ACCE2E /* PlanListView.swift in Sources */,
			);
			runOnlyForDeploymentPostprocessing = 0;
		};
		91DA65052BF291F8004ADB9B /* Sources */ = {
			isa = PBXSourcesBuildPhase;
			buildActionMask = 2147483647;
			files = (
				919CED4B2BF5499F00ACCE2E /* APlan.swift in Sources */,
				91D5439C2C0523D900AD3592 /* ADateSpecifier.swift in Sources */,
				914B54C72BFBDF34005A9090 /* AScenario.swift in Sources */,
				91753E4B2C6BED32001B02F6 /* TheAssumptions.swift in Sources */,
				91AC450F2C6F8033001500BA /* Leia+make.swift in Sources */,
				91042FE02C50496800FFC65F /* AnAmount.swift in Sources */,
				91C248D92C33456E00A1EEB3 /* ThePlans.swift in Sources */,
				91206E2F2C09013C00D4C1CB /* AMonthYear.swift in Sources */,
				918907102C3493FC0030918E /* Possibilities+add.swift in Sources */,
				918939582C73CF350058C0DA /* ANetWorth.swift in Sources */,
				91C248D62C333DC200A1EEB3 /* ThePeople.swift in Sources */,
				914FEFAA2BF29399003D858E /* ThePossibilities.swift in Sources */,
				9189395A2C73DEA40058C0DA /* Scenario+netWorth.swift in Sources */,
				91E7BB972C4EF5D800A328DF /* ADateRange.swift in Sources */,
				91D543A32C06DE2A00AD3592 /* Scaffolding.swift in Sources */,
				914FEFAB2BF29399003D858E /* ALeia.swift in Sources */,
			);
			runOnlyForDeploymentPostprocessing = 0;
		};
/* End PBXSourcesBuildPhase section */

/* Begin PBXTargetDependency section */
		915226DC2C4EDB980001260F /* PBXTargetDependency */ = {
			isa = PBXTargetDependency;
			target = 915226D62C4EDB980001260F /* fiume-model */;
			targetProxy = 915226DB2C4EDB980001260F /* PBXContainerItemProxy */;
		};
		915226F22C4EDC060001260F /* PBXTargetDependency */ = {
			isa = PBXTargetDependency;
			platformFilter = ios;
			target = 915226D62C4EDB980001260F /* fiume-model */;
			targetProxy = 915226F12C4EDC060001260F /* PBXContainerItemProxy */;
		};
		91DA650B2BF291F8004ADB9B /* PBXTargetDependency */ = {
			isa = PBXTargetDependency;
			target = 91DA64F82BF291F6004ADB9B /* fiume */;
			targetProxy = 91DA650A2BF291F8004ADB9B /* PBXContainerItemProxy */;
		};
/* End PBXTargetDependency section */

/* Begin XCBuildConfiguration section */
		915226E02C4EDB980001260F /* Debug */ = {
			isa = XCBuildConfiguration;
			buildSettings = {
				ALLOW_TARGET_PLATFORM_SPECIALIZATION = YES;
				BUILD_LIBRARY_FOR_DISTRIBUTION = YES;
				CODE_SIGN_STYLE = Automatic;
				CURRENT_PROJECT_VERSION = 1;
				DEFINES_MODULE = YES;
				DEVELOPMENT_TEAM = 7B9VB3YTHK;
				DYLIB_COMPATIBILITY_VERSION = 1;
				DYLIB_CURRENT_VERSION = 1;
				DYLIB_INSTALL_NAME_BASE = "@rpath";
				ENABLE_MODULE_VERIFIER = YES;
				ENABLE_USER_SCRIPT_SANDBOXING = YES;
				GENERATE_INFOPLIST_FILE = YES;
				INFOPLIST_KEY_NSHumanReadableCopyright = "";
				INSTALL_PATH = "$(LOCAL_LIBRARY_DIR)/Frameworks";
				IPHONEOS_DEPLOYMENT_TARGET = 17.5;
				LD_RUNPATH_SEARCH_PATHS = (
					"@executable_path/Frameworks",
					"@loader_path/Frameworks",
				);
				"LD_RUNPATH_SEARCH_PATHS[sdk=macosx*]" = (
					"@executable_path/../Frameworks",
					"@loader_path/Frameworks",
				);
				MACOSX_DEPLOYMENT_TARGET = 14.5;
				MARKETING_VERSION = 1.0;
				MODULE_VERIFIER_SUPPORTED_LANGUAGES = "objective-c objective-c++";
				MODULE_VERIFIER_SUPPORTED_LANGUAGE_STANDARDS = "gnu17 gnu++20";
				PRODUCT_BUNDLE_IDENTIFIER = "com.xp123.fiume-model";
				PRODUCT_NAME = "$(TARGET_NAME:c99extidentifier)";
				SDKROOT = auto;
				SKIP_INSTALL = YES;
				SUPPORTED_PLATFORMS = "iphoneos iphonesimulator macosx";
				SWIFT_EMIT_LOC_STRINGS = YES;
				SWIFT_INSTALL_OBJC_HEADER = NO;
				SWIFT_VERSION = 5.0;
				TARGETED_DEVICE_FAMILY = "1,2";
				VERSIONING_SYSTEM = "apple-generic";
				VERSION_INFO_PREFIX = "";
			};
			name = Debug;
		};
		915226E12C4EDB980001260F /* Release */ = {
			isa = XCBuildConfiguration;
			buildSettings = {
				ALLOW_TARGET_PLATFORM_SPECIALIZATION = YES;
				BUILD_LIBRARY_FOR_DISTRIBUTION = YES;
				CODE_SIGN_STYLE = Automatic;
				CURRENT_PROJECT_VERSION = 1;
				DEFINES_MODULE = YES;
				DEVELOPMENT_TEAM = 7B9VB3YTHK;
				DYLIB_COMPATIBILITY_VERSION = 1;
				DYLIB_CURRENT_VERSION = 1;
				DYLIB_INSTALL_NAME_BASE = "@rpath";
				ENABLE_MODULE_VERIFIER = YES;
				ENABLE_USER_SCRIPT_SANDBOXING = YES;
				GENERATE_INFOPLIST_FILE = YES;
				INFOPLIST_KEY_NSHumanReadableCopyright = "";
				INSTALL_PATH = "$(LOCAL_LIBRARY_DIR)/Frameworks";
				IPHONEOS_DEPLOYMENT_TARGET = 17.5;
				LD_RUNPATH_SEARCH_PATHS = (
					"@executable_path/Frameworks",
					"@loader_path/Frameworks",
				);
				"LD_RUNPATH_SEARCH_PATHS[sdk=macosx*]" = (
					"@executable_path/../Frameworks",
					"@loader_path/Frameworks",
				);
				MACOSX_DEPLOYMENT_TARGET = 14.5;
				MARKETING_VERSION = 1.0;
				MODULE_VERIFIER_SUPPORTED_LANGUAGES = "objective-c objective-c++";
				MODULE_VERIFIER_SUPPORTED_LANGUAGE_STANDARDS = "gnu17 gnu++20";
				PRODUCT_BUNDLE_IDENTIFIER = "com.xp123.fiume-model";
				PRODUCT_NAME = "$(TARGET_NAME:c99extidentifier)";
				SDKROOT = auto;
				SKIP_INSTALL = YES;
				SUPPORTED_PLATFORMS = "iphoneos iphonesimulator macosx";
				SWIFT_EMIT_LOC_STRINGS = YES;
				SWIFT_INSTALL_OBJC_HEADER = NO;
				SWIFT_VERSION = 5.0;
				TARGETED_DEVICE_FAMILY = "1,2";
				VERSIONING_SYSTEM = "apple-generic";
				VERSION_INFO_PREFIX = "";
			};
			name = Release;
		};
		91DA651B2BF291F8004ADB9B /* Debug */ = {
			isa = XCBuildConfiguration;
			buildSettings = {
				ALWAYS_SEARCH_USER_PATHS = NO;
				ASSETCATALOG_COMPILER_GENERATE_SWIFT_ASSET_SYMBOL_EXTENSIONS = YES;
				CLANG_ANALYZER_NONNULL = YES;
				CLANG_ANALYZER_NUMBER_OBJECT_CONVERSION = YES_AGGRESSIVE;
				CLANG_CXX_LANGUAGE_STANDARD = "gnu++20";
				CLANG_ENABLE_MODULES = YES;
				CLANG_ENABLE_OBJC_ARC = YES;
				CLANG_ENABLE_OBJC_WEAK = YES;
				CLANG_WARN_BLOCK_CAPTURE_AUTORELEASING = YES;
				CLANG_WARN_BOOL_CONVERSION = YES;
				CLANG_WARN_COMMA = YES;
				CLANG_WARN_CONSTANT_CONVERSION = YES;
				CLANG_WARN_DEPRECATED_OBJC_IMPLEMENTATIONS = YES;
				CLANG_WARN_DIRECT_OBJC_ISA_USAGE = YES_ERROR;
				CLANG_WARN_DOCUMENTATION_COMMENTS = YES;
				CLANG_WARN_EMPTY_BODY = YES;
				CLANG_WARN_ENUM_CONVERSION = YES;
				CLANG_WARN_INFINITE_RECURSION = YES;
				CLANG_WARN_INT_CONVERSION = YES;
				CLANG_WARN_NON_LITERAL_NULL_CONVERSION = YES;
				CLANG_WARN_OBJC_IMPLICIT_RETAIN_SELF = YES;
				CLANG_WARN_OBJC_LITERAL_CONVERSION = YES;
				CLANG_WARN_OBJC_ROOT_CLASS = YES_ERROR;
				CLANG_WARN_QUOTED_INCLUDE_IN_FRAMEWORK_HEADER = YES;
				CLANG_WARN_RANGE_LOOP_ANALYSIS = YES;
				CLANG_WARN_STRICT_PROTOTYPES = YES;
				CLANG_WARN_SUSPICIOUS_MOVE = YES;
				CLANG_WARN_UNGUARDED_AVAILABILITY = YES_AGGRESSIVE;
				CLANG_WARN_UNREACHABLE_CODE = YES;
				CLANG_WARN__DUPLICATE_METHOD_MATCH = YES;
				COPY_PHASE_STRIP = NO;
				DEBUG_INFORMATION_FORMAT = dwarf;
				ENABLE_STRICT_OBJC_MSGSEND = YES;
				ENABLE_TESTABILITY = YES;
				ENABLE_USER_SCRIPT_SANDBOXING = NO;
				GCC_C_LANGUAGE_STANDARD = gnu17;
				GCC_DYNAMIC_NO_PIC = NO;
				GCC_NO_COMMON_BLOCKS = YES;
				GCC_OPTIMIZATION_LEVEL = 0;
				GCC_PREPROCESSOR_DEFINITIONS = (
					"DEBUG=1",
					"$(inherited)",
				);
				GCC_WARN_64_TO_32_BIT_CONVERSION = YES;
				GCC_WARN_ABOUT_RETURN_TYPE = YES_ERROR;
				GCC_WARN_UNDECLARED_SELECTOR = YES;
				GCC_WARN_UNINITIALIZED_AUTOS = YES_AGGRESSIVE;
				GCC_WARN_UNUSED_FUNCTION = YES;
				GCC_WARN_UNUSED_VARIABLE = YES;
				IPHONEOS_DEPLOYMENT_TARGET = 17.4;
				LOCALIZATION_PREFERS_STRING_CATALOGS = YES;
				MTL_ENABLE_DEBUG_INFO = INCLUDE_SOURCE;
				MTL_FAST_MATH = YES;
				ONLY_ACTIVE_ARCH = YES;
				SDKROOT = iphoneos;
				SWIFT_ACTIVE_COMPILATION_CONDITIONS = "DEBUG $(inherited)";
				SWIFT_OPTIMIZATION_LEVEL = "-Onone";
			};
			name = Debug;
		};
		91DA651C2BF291F8004ADB9B /* Release */ = {
			isa = XCBuildConfiguration;
			buildSettings = {
				ALWAYS_SEARCH_USER_PATHS = NO;
				ASSETCATALOG_COMPILER_GENERATE_SWIFT_ASSET_SYMBOL_EXTENSIONS = YES;
				CLANG_ANALYZER_NONNULL = YES;
				CLANG_ANALYZER_NUMBER_OBJECT_CONVERSION = YES_AGGRESSIVE;
				CLANG_CXX_LANGUAGE_STANDARD = "gnu++20";
				CLANG_ENABLE_MODULES = YES;
				CLANG_ENABLE_OBJC_ARC = YES;
				CLANG_ENABLE_OBJC_WEAK = YES;
				CLANG_WARN_BLOCK_CAPTURE_AUTORELEASING = YES;
				CLANG_WARN_BOOL_CONVERSION = YES;
				CLANG_WARN_COMMA = YES;
				CLANG_WARN_CONSTANT_CONVERSION = YES;
				CLANG_WARN_DEPRECATED_OBJC_IMPLEMENTATIONS = YES;
				CLANG_WARN_DIRECT_OBJC_ISA_USAGE = YES_ERROR;
				CLANG_WARN_DOCUMENTATION_COMMENTS = YES;
				CLANG_WARN_EMPTY_BODY = YES;
				CLANG_WARN_ENUM_CONVERSION = YES;
				CLANG_WARN_INFINITE_RECURSION = YES;
				CLANG_WARN_INT_CONVERSION = YES;
				CLANG_WARN_NON_LITERAL_NULL_CONVERSION = YES;
				CLANG_WARN_OBJC_IMPLICIT_RETAIN_SELF = YES;
				CLANG_WARN_OBJC_LITERAL_CONVERSION = YES;
				CLANG_WARN_OBJC_ROOT_CLASS = YES_ERROR;
				CLANG_WARN_QUOTED_INCLUDE_IN_FRAMEWORK_HEADER = YES;
				CLANG_WARN_RANGE_LOOP_ANALYSIS = YES;
				CLANG_WARN_STRICT_PROTOTYPES = YES;
				CLANG_WARN_SUSPICIOUS_MOVE = YES;
				CLANG_WARN_UNGUARDED_AVAILABILITY = YES_AGGRESSIVE;
				CLANG_WARN_UNREACHABLE_CODE = YES;
				CLANG_WARN__DUPLICATE_METHOD_MATCH = YES;
				COPY_PHASE_STRIP = NO;
				DEBUG_INFORMATION_FORMAT = "dwarf-with-dsym";
				ENABLE_NS_ASSERTIONS = NO;
				ENABLE_STRICT_OBJC_MSGSEND = YES;
				ENABLE_USER_SCRIPT_SANDBOXING = NO;
				GCC_C_LANGUAGE_STANDARD = gnu17;
				GCC_NO_COMMON_BLOCKS = YES;
				GCC_WARN_64_TO_32_BIT_CONVERSION = YES;
				GCC_WARN_ABOUT_RETURN_TYPE = YES_ERROR;
				GCC_WARN_UNDECLARED_SELECTOR = YES;
				GCC_WARN_UNINITIALIZED_AUTOS = YES_AGGRESSIVE;
				GCC_WARN_UNUSED_FUNCTION = YES;
				GCC_WARN_UNUSED_VARIABLE = YES;
				IPHONEOS_DEPLOYMENT_TARGET = 17.4;
				LOCALIZATION_PREFERS_STRING_CATALOGS = YES;
				MTL_ENABLE_DEBUG_INFO = NO;
				MTL_FAST_MATH = YES;
				SDKROOT = iphoneos;
				SWIFT_COMPILATION_MODE = wholemodule;
				VALIDATE_PRODUCT = YES;
			};
			name = Release;
		};
		91DA651E2BF291F8004ADB9B /* Debug */ = {
			isa = XCBuildConfiguration;
			buildSettings = {
				ALWAYS_EMBED_SWIFT_STANDARD_LIBRARIES = YES;
				ASSETCATALOG_COMPILER_APPICON_NAME = AppIcon;
				ASSETCATALOG_COMPILER_GLOBAL_ACCENT_COLOR_NAME = AccentColor;
				CODE_SIGN_STYLE = Automatic;
				CURRENT_PROJECT_VERSION = 15;
				DEVELOPMENT_ASSET_PATHS = "\"Sources/Preview Content\"";
				DEVELOPMENT_TEAM = 7B9VB3YTHK;
				ENABLE_PREVIEWS = YES;
				GENERATE_INFOPLIST_FILE = YES;
				INFOPLIST_FILE = "fiume-Info.plist";
				INFOPLIST_KEY_CFBundleDisplayName = FiumePlanner;
				INFOPLIST_KEY_UIApplicationSceneManifest_Generation = YES;
				INFOPLIST_KEY_UIApplicationSupportsIndirectInputEvents = YES;
				INFOPLIST_KEY_UILaunchScreen_Generation = YES;
				INFOPLIST_KEY_UISupportedInterfaceOrientations_iPad = "UIInterfaceOrientationPortrait UIInterfaceOrientationPortraitUpsideDown UIInterfaceOrientationLandscapeLeft UIInterfaceOrientationLandscapeRight";
				INFOPLIST_KEY_UISupportedInterfaceOrientations_iPhone = "UIInterfaceOrientationPortrait UIInterfaceOrientationLandscapeLeft UIInterfaceOrientationLandscapeRight";
				LD_RUNPATH_SEARCH_PATHS = (
					"$(inherited)",
					"@executable_path/Frameworks",
				);
				MARKETING_VERSION = 0.0.2;
				PRODUCT_BUNDLE_IDENTIFIER = com.xp123.fiume;
				PRODUCT_NAME = "$(TARGET_NAME)";
				SUPPORTED_PLATFORMS = "iphoneos iphonesimulator";
				SUPPORTS_MACCATALYST = NO;
				SWIFT_EMIT_LOC_STRINGS = YES;
				SWIFT_VERSION = 5.0;
				TARGETED_DEVICE_FAMILY = "1,2";
			};
			name = Debug;
		};
		91DA651F2BF291F8004ADB9B /* Release */ = {
			isa = XCBuildConfiguration;
			buildSettings = {
				ALWAYS_EMBED_SWIFT_STANDARD_LIBRARIES = YES;
				ASSETCATALOG_COMPILER_APPICON_NAME = AppIcon;
				ASSETCATALOG_COMPILER_GLOBAL_ACCENT_COLOR_NAME = AccentColor;
				CODE_SIGN_STYLE = Automatic;
				CURRENT_PROJECT_VERSION = 15;
				DEVELOPMENT_ASSET_PATHS = "\"Sources/Preview Content\"";
				DEVELOPMENT_TEAM = 7B9VB3YTHK;
				ENABLE_PREVIEWS = YES;
				GENERATE_INFOPLIST_FILE = YES;
				INFOPLIST_FILE = "fiume-Info.plist";
				INFOPLIST_KEY_CFBundleDisplayName = FiumePlanner;
				INFOPLIST_KEY_UIApplicationSceneManifest_Generation = YES;
				INFOPLIST_KEY_UIApplicationSupportsIndirectInputEvents = YES;
				INFOPLIST_KEY_UILaunchScreen_Generation = YES;
				INFOPLIST_KEY_UISupportedInterfaceOrientations_iPad = "UIInterfaceOrientationPortrait UIInterfaceOrientationPortraitUpsideDown UIInterfaceOrientationLandscapeLeft UIInterfaceOrientationLandscapeRight";
				INFOPLIST_KEY_UISupportedInterfaceOrientations_iPhone = "UIInterfaceOrientationPortrait UIInterfaceOrientationLandscapeLeft UIInterfaceOrientationLandscapeRight";
				LD_RUNPATH_SEARCH_PATHS = (
					"$(inherited)",
					"@executable_path/Frameworks",
				);
				MARKETING_VERSION = 0.0.2;
				PRODUCT_BUNDLE_IDENTIFIER = com.xp123.fiume;
				PRODUCT_NAME = "$(TARGET_NAME)";
				SUPPORTED_PLATFORMS = "iphoneos iphonesimulator";
				SUPPORTS_MACCATALYST = NO;
				SWIFT_EMIT_LOC_STRINGS = YES;
				SWIFT_VERSION = 5.0;
				TARGETED_DEVICE_FAMILY = "1,2";
			};
			name = Release;
		};
		91DA65212BF291F8004ADB9B /* Debug */ = {
			isa = XCBuildConfiguration;
			buildSettings = {
				ALWAYS_EMBED_SWIFT_STANDARD_LIBRARIES = YES;
				CLANG_ENABLE_MODULES = YES;
				CODE_SIGN_STYLE = Automatic;
				CURRENT_PROJECT_VERSION = 1;
				DEVELOPMENT_TEAM = 7B9VB3YTHK;
				GENERATE_INFOPLIST_FILE = YES;
				IPHONEOS_DEPLOYMENT_TARGET = 17.4;
				MARKETING_VERSION = 1.0;
				PRODUCT_BUNDLE_IDENTIFIER = com.xp123.fiumeTests;
				PRODUCT_NAME = "$(TARGET_NAME)";
				SWIFT_EMIT_LOC_STRINGS = NO;
				SWIFT_OPTIMIZATION_LEVEL = "-Onone";
				SWIFT_VERSION = 5.0;
				TARGETED_DEVICE_FAMILY = "1,2";
			};
			name = Debug;
		};
		91DA65222BF291F8004ADB9B /* Release */ = {
			isa = XCBuildConfiguration;
			buildSettings = {
				ALWAYS_EMBED_SWIFT_STANDARD_LIBRARIES = YES;
				CLANG_ENABLE_MODULES = YES;
				CODE_SIGN_STYLE = Automatic;
				CURRENT_PROJECT_VERSION = 1;
				DEVELOPMENT_TEAM = 7B9VB3YTHK;
				GENERATE_INFOPLIST_FILE = YES;
				IPHONEOS_DEPLOYMENT_TARGET = 17.4;
				MARKETING_VERSION = 1.0;
				PRODUCT_BUNDLE_IDENTIFIER = com.xp123.fiumeTests;
				PRODUCT_NAME = "$(TARGET_NAME)";
				SWIFT_EMIT_LOC_STRINGS = NO;
				SWIFT_VERSION = 5.0;
				TARGETED_DEVICE_FAMILY = "1,2";
			};
			name = Release;
		};
/* End XCBuildConfiguration section */

/* Begin XCConfigurationList section */
		915226DF2C4EDB980001260F /* Build configuration list for PBXNativeTarget "fiume-model" */ = {
			isa = XCConfigurationList;
			buildConfigurations = (
				915226E02C4EDB980001260F /* Debug */,
				915226E12C4EDB980001260F /* Release */,
			);
			defaultConfigurationIsVisible = 0;
			defaultConfigurationName = Release;
		};
		91DA64F42BF291F6004ADB9B /* Build configuration list for PBXProject "fiume" */ = {
			isa = XCConfigurationList;
			buildConfigurations = (
				91DA651B2BF291F8004ADB9B /* Debug */,
				91DA651C2BF291F8004ADB9B /* Release */,
			);
			defaultConfigurationIsVisible = 0;
			defaultConfigurationName = Release;
		};
		91DA651D2BF291F8004ADB9B /* Build configuration list for PBXNativeTarget "fiume" */ = {
			isa = XCConfigurationList;
			buildConfigurations = (
				91DA651E2BF291F8004ADB9B /* Debug */,
				91DA651F2BF291F8004ADB9B /* Release */,
			);
			defaultConfigurationIsVisible = 0;
			defaultConfigurationName = Release;
		};
		91DA65202BF291F8004ADB9B /* Build configuration list for PBXNativeTarget "fiumeTests" */ = {
			isa = XCConfigurationList;
			buildConfigurations = (
				91DA65212BF291F8004ADB9B /* Debug */,
				91DA65222BF291F8004ADB9B /* Release */,
			);
			defaultConfigurationIsVisible = 0;
			defaultConfigurationName = Release;
		};
/* End XCConfigurationList section */

/* Begin XCRemoteSwiftPackageReference section */
		91D5439E2C06927900AD3592 /* XCRemoteSwiftPackageReference "swift-testing" */ = {
			isa = XCRemoteSwiftPackageReference;
			repositoryURL = "https://github.com/apple/swift-testing";
			requirement = {
				kind = upToNextMajorVersion;
				minimumVersion = 0.9.0;
			};
		};
/* End XCRemoteSwiftPackageReference section */

/* Begin XCSwiftPackageProductDependency section */
		91D5439F2C06927900AD3592 /* Testing */ = {
			isa = XCSwiftPackageProductDependency;
			package = 91D5439E2C06927900AD3592 /* XCRemoteSwiftPackageReference "swift-testing" */;
			productName = Testing;
		};
/* End XCSwiftPackageProductDependency section */
	};
	rootObject = 91DA64F12BF291F6004ADB9B /* Project object */;
}
